<?xml version="1.0" encoding="utf-8"?>
<Project ToolsVersion="4.0" xmlns="http://schemas.microsoft.com/developer/msbuild/2003">
  <ItemGroup>
    <Filter Include="Source Files">
      <UniqueIdentifier>{4FC737F1-C7A5-4376-A066-2A32D752A2FF}</UniqueIdentifier>
      <Extensions>cpp;c;cc;cxx;def;odl;idl;hpj;bat;asm;asmx</Extensions>
    </Filter>
    <Filter Include="Header Files">
      <UniqueIdentifier>{93995380-89BD-4b04-88EB-625FBE52EBFB}</UniqueIdentifier>
      <Extensions>h;hh;hpp;hxx;hm;inl;inc;xsd</Extensions>
    </Filter>
    <Filter Include="Resource Files">
      <UniqueIdentifier>{67DA6AB6-F800-4c08-8B7A-83BB121AAD01}</UniqueIdentifier>
      <Extensions>rc;ico;cur;bmp;dlg;rc2;rct;bin;rgs;gif;jpg;jpeg;jpe;resx;tiff;tif;png;wav;mfcribbon-ms</Extensions>
    </Filter>
    <Filter Include="Data Files">
      <UniqueIdentifier>{8a06ae3d-83e7-4f9e-b69b-4fd92854eaed}</UniqueIdentifier>
    </Filter>
  </ItemGroup>
  <ItemGroup>
    <ClInclude Include="u10305.h">
      <Filter>Header Files</Filter>
    </ClInclude>
    <ClInclude Include="evaluator.h">
      <Filter>Header Files</Filter>
    </ClInclude>
    <ClInclude Include="u200.h">
      <Filter>Header Files</Filter>
    </ClInclude>
    <ClInclude Include="u100.h">
      <Filter>Header Files</Filter>
    </ClInclude>
    <ClInclude Include="u482.h">
      <Filter>Header Files</Filter>
    </ClInclude>
    <ClInclude Include="u594.h">
      <Filter>Header Files</Filter>
    </ClInclude>
    <ClInclude Include="u11340.h">
      <Filter>Header Files</Filter>
    </ClInclude>
    <ClInclude Include="u544.h">
      <Filter>Header Files</Filter>
    </ClInclude>
    <ClInclude Include="u558.h">
      <Filter>Header Files</Filter>
    </ClInclude>
    <ClInclude Include="u146.h">
      <Filter>Header Files</Filter>
    </ClInclude>
    <ClInclude Include="u10194.h">
      <Filter>Header Files</Filter>
    </ClInclude>
    <ClInclude Include="u10258.h">
      <Filter>Header Files</Filter>
    </ClInclude>
    <ClInclude Include="u957.h">
      <Filter>Header Files</Filter>
    </ClInclude>
    <ClInclude Include="u11495.h">
      <Filter>Header Files</Filter>
    </ClInclude>
    <ClInclude Include="u10810.h">
      <Filter>Header Files</Filter>
    </ClInclude>
    <ClInclude Include="sort.h">
      <Filter>Header Files</Filter>
    </ClInclude>
    <ClInclude Include="u11462.h">
      <Filter>Header Files</Filter>
    </ClInclude>
    <ClInclude Include="u673.h">
      <Filter>Header Files</Filter>
    </ClInclude>
    <ClInclude Include="u727.h">
      <Filter>Header Files</Filter>
    </ClInclude>
    <ClInclude Include="u11239.h">
      <Filter>Header Files</Filter>
    </ClInclude>
    <ClInclude Include="u127.h">
      <Filter>Header Files</Filter>
    </ClInclude>
    <ClInclude Include="u679.h">
      <Filter>Header Files</Filter>
    </ClInclude>
    <ClInclude Include="u714.h">
      <Filter>Header Files</Filter>
    </ClInclude>
    <ClInclude Include="u10219.h">
      <Filter>Header Files</Filter>
    </ClInclude>
    <ClInclude Include="u10226.h">
      <Filter>Header Files</Filter>
    </ClInclude>
    <ClInclude Include="u10301.h">
      <Filter>Header Files</Filter>
    </ClInclude>
    <ClInclude Include="u11388.h">
      <Filter>Header Files</Filter>
    </ClInclude>
    <ClInclude Include="u11136.h">
      <Filter>Header Files</Filter>
    </ClInclude>
    <ClInclude Include="u11308.h">
      <Filter>Header Files</Filter>
    </ClInclude>
    <ClInclude Include="u908.h">
      <Filter>Header Files</Filter>
    </ClInclude>
    <ClInclude Include="uvas.h">
      <Filter>Header Files</Filter>
    </ClInclude>
    <ClInclude Include="u11854.h">
      <Filter>Header Files</Filter>
    </ClInclude>
    <ClInclude Include="u628.h">
      <Filter>Header Files</Filter>
    </ClInclude>
    <ClInclude Include="u156.h">
      <Filter>Header Files</Filter>
    </ClInclude>
    <ClInclude Include="u11636.h">
      <Filter>Header Files</Filter>
    </ClInclude>
    <ClInclude Include="u10220.h">
      <Filter>Header Files</Filter>
    </ClInclude>
    <ClInclude Include="u478.h">
      <Filter>Header Files</Filter>
    </ClInclude>
    <ClInclude Include="u10062.h">
      <Filter>Header Files</Filter>
    </ClInclude>
    <ClInclude Include="u10066.h">
      <Filter>Header Files</Filter>
    </ClInclude>
    <ClInclude Include="u116.h">
      <Filter>Header Files</Filter>
    </ClInclude>
    <ClInclude Include="u167.h">
      <Filter>Header Files</Filter>
    </ClInclude>
    <ClInclude Include="u10013.h">
      <Filter>Header Files</Filter>
    </ClInclude>
    <ClInclude Include="u10931.h">
      <Filter>Header Files</Filter>
    </ClInclude>
    <ClInclude Include="u11461.h">
      <Filter>Header Files</Filter>
    </ClInclude>
    <ClInclude Include="u305.h">
      <Filter>Header Files</Filter>
    </ClInclude>
    <ClInclude Include="u11150.h">
      <Filter>Header Files</Filter>
    </ClInclude>
    <ClInclude Include="u11185.h">
      <Filter>Header Files</Filter>
    </ClInclude>
    <ClInclude Include="u900.h">
      <Filter>Header Files</Filter>
    </ClInclude>
    <ClInclude Include="u454.h">
      <Filter>Header Files</Filter>
    </ClInclude>
    <ClInclude Include="u400.h">
      <Filter>Header Files</Filter>
    </ClInclude>
    <ClInclude Include="u401.h">
      <Filter>Header Files</Filter>
    </ClInclude>
    <ClInclude Include="u412.h">
      <Filter>Header Files</Filter>
    </ClInclude>
  </ItemGroup>
  <ItemGroup>
    <ClCompile Include="u10305.cpp">
      <Filter>Source Files</Filter>
    </ClCompile>
    <ClCompile Include="evaluator.cpp">
      <Filter>Source Files</Filter>
    </ClCompile>
    <ClCompile Include="u200.cpp">
      <Filter>Source Files</Filter>
    </ClCompile>
    <ClCompile Include="u100.cpp">
      <Filter>Source Files</Filter>
    </ClCompile>
    <ClCompile Include="u482.cpp">
      <Filter>Source Files</Filter>
    </ClCompile>
    <ClCompile Include="u594.cpp">
      <Filter>Source Files</Filter>
    </ClCompile>
    <ClCompile Include="u11340.cpp">
      <Filter>Source Files</Filter>
    </ClCompile>
    <ClCompile Include="u544.cpp">
      <Filter>Source Files</Filter>
    </ClCompile>
    <ClCompile Include="u558.cpp">
      <Filter>Source Files</Filter>
    </ClCompile>
    <ClCompile Include="u146.cpp">
      <Filter>Source Files</Filter>
    </ClCompile>
    <ClCompile Include="u10194.cpp">
      <Filter>Source Files</Filter>
    </ClCompile>
    <ClCompile Include="u10258.cpp">
      <Filter>Source Files</Filter>
    </ClCompile>
    <ClCompile Include="u957.cpp">
      <Filter>Source Files</Filter>
    </ClCompile>
    <ClCompile Include="u11495.cpp">
      <Filter>Source Files</Filter>
    </ClCompile>
    <ClCompile Include="u10810.cpp">
      <Filter>Source Files</Filter>
    </ClCompile>
    <ClCompile Include="u11462.cpp">
      <Filter>Source Files</Filter>
    </ClCompile>
    <ClCompile Include="u673.cpp">
      <Filter>Source Files</Filter>
    </ClCompile>
    <ClCompile Include="u727.cpp">
      <Filter>Source Files</Filter>
    </ClCompile>
    <ClCompile Include="u11239.cpp">
      <Filter>Source Files</Filter>
    </ClCompile>
    <ClCompile Include="u127.cpp">
      <Filter>Source Files</Filter>
    </ClCompile>
    <ClCompile Include="u679.cpp">
      <Filter>Source Files</Filter>
    </ClCompile>
    <ClCompile Include="u714.cpp">
      <Filter>Source Files</Filter>
    </ClCompile>
    <ClCompile Include="u10219.cpp">
      <Filter>Source Files</Filter>
    </ClCompile>
    <ClCompile Include="u10226.cpp">
      <Filter>Source Files</Filter>
    </ClCompile>
    <ClCompile Include="u10301.cpp">
      <Filter>Source Files</Filter>
    </ClCompile>
    <ClCompile Include="u11388.cpp">
      <Filter>Source Files</Filter>
    </ClCompile>
    <ClCompile Include="u11136.cpp">
      <Filter>Source Files</Filter>
    </ClCompile>
    <ClCompile Include="u11308.cpp">
      <Filter>Source Files</Filter>
    </ClCompile>
    <ClCompile Include="u908.cpp">
      <Filter>Source Files</Filter>
    </ClCompile>
    <ClCompile Include="u11854.cpp">
      <Filter>Source Files</Filter>
    </ClCompile>
    <ClCompile Include="u628.cpp">
      <Filter>Source Files</Filter>
    </ClCompile>
    <ClCompile Include="u156.cpp">
      <Filter>Source Files</Filter>
    </ClCompile>
    <ClCompile Include="u11636.cpp">
      <Filter>Source Files</Filter>
    </ClCompile>
    <ClCompile Include="u10220.cpp">
      <Filter>Source Files</Filter>
    </ClCompile>
    <ClCompile Include="u478.cpp">
      <Filter>Source Files</Filter>
    </ClCompile>
    <ClCompile Include="u10062.cpp">
      <Filter>Source Files</Filter>
    </ClCompile>
    <ClCompile Include="u10066.cpp">
      <Filter>Source Files</Filter>
    </ClCompile>
    <ClCompile Include="u116.cpp">
      <Filter>Source Files</Filter>
    </ClCompile>
    <ClCompile Include="u167.cpp">
      <Filter>Source Files</Filter>
    </ClCompile>
    <ClCompile Include="u10013.cpp">
      <Filter>Source Files</Filter>
    </ClCompile>
    <ClCompile Include="u10931.cpp">
      <Filter>Source Files</Filter>
    </ClCompile>
    <ClCompile Include="u11461.cpp">
      <Filter>Source Files</Filter>
    </ClCompile>
    <ClCompile Include="u305.cpp">
      <Filter>Source Files</Filter>
    </ClCompile>
    <ClCompile Include="u11150.cpp">
      <Filter>Source Files</Filter>
    </ClCompile>
    <ClCompile Include="u11185.cpp">
      <Filter>Source Files</Filter>
    </ClCompile>
    <ClCompile Include="u900.cpp">
      <Filter>Source Files</Filter>
    </ClCompile>
    <ClCompile Include="u454.cpp">
      <Filter>Source Files</Filter>
    </ClCompile>
    <ClCompile Include="u400.cpp">
      <Filter>Source Files</Filter>
    </ClCompile>
    <ClCompile Include="u401.cpp">
      <Filter>Source Files</Filter>
    </ClCompile>
    <ClCompile Include="u412.cpp">
      <Filter>Source Files</Filter>
    </ClCompile>
  </ItemGroup>
  <ItemGroup>
    <Text Include="u11340_2.txt">
      <Filter>Data Files</Filter>
    </Text>
    <Text Include="u11340_3.txt">
      <Filter>Data Files</Filter>
    </Text>
    <Text Include="u100.txt">
      <Filter>Data Files</Filter>
    </Text>
    <Text Include="u200.txt">
      <Filter>Data Files</Filter>
    </Text>
    <Text Include="u200_2.txt">
      <Filter>Data Files</Filter>
    </Text>
    <Text Include="u482.txt">
      <Filter>Data Files</Filter>
    </Text>
    <Text Include="u594.txt">
      <Filter>Data Files</Filter>
    </Text>
    <Text Include="u10305.txt">
      <Filter>Data Files</Filter>
    </Text>
    <Text Include="u10305_2.txt">
      <Filter>Data Files</Filter>
    </Text>
    <Text Include="u11340.txt">
      <Filter>Data Files</Filter>
    </Text>
    <Text Include="u544.txt">
      <Filter>Data Files</Filter>
    </Text>
    <Text Include="u544_2.txt">
      <Filter>Data Files</Filter>
    </Text>
    <Text Include="u558.txt">
      <Filter>Data Files</Filter>
    </Text>
    <Text Include="u558_2.txt">
      <Filter>Data Files</Filter>
    </Text>
    <Text Include="u146.txt">
      <Filter>Data Files</Filter>
    </Text>
    <Text Include="u10194.txt">
      <Filter>Data Files</Filter>
    </Text>
    <Text Include="u10258.txt">
      <Filter>Data Files</Filter>
    </Text>
    <Text Include="u11495.txt">
      <Filter>Data Files</Filter>
    </Text>
    <Text Include="u10810.txt">
      <Filter>Data Files</Filter>
    </Text>
    <Text Include="u11462.txt">
      <Filter>Data Files</Filter>
    </Text>
    <Text Include="u673.txt">
      <Filter>Data Files</Filter>
    </Text>
    <Text Include="u727.txt">
      <Filter>Data Files</Filter>
    </Text>
    <Text Include="u11239.txt">
      <Filter>Data Files</Filter>
    </Text>
    <Text Include="u127.txt">
      <Filter>Data Files</Filter>
    </Text>
    <Text Include="u679.txt">
      <Filter>Data Files</Filter>
    </Text>
    <Text Include="u714.txt">
      <Filter>Data Files</Filter>
    </Text>
    <Text Include="u957.txt">
      <Filter>Data Files</Filter>
    </Text>
    <Text Include="u10219.txt">
      <Filter>Data Files</Filter>
    </Text>
    <Text Include="u10226.txt">
      <Filter>Data Files</Filter>
    </Text>
    <Text Include="u10301.txt">
      <Filter>Data Files</Filter>
    </Text>
    <Text Include="u11388.txt">
      <Filter>Data Files</Filter>
    </Text>
    <Text Include="u11136.txt">
      <Filter>Data Files</Filter>
    </Text>
    <Text Include="u11308.txt">
      <Filter>Data Files</Filter>
    </Text>
    <Text Include="u908.txt">
      <Filter>Data Files</Filter>
    </Text>
    <Text Include="u11854.txt">
      <Filter>Data Files</Filter>
    </Text>
    <Text Include="u628.txt">
      <Filter>Data Files</Filter>
    </Text>
    <Text Include="u156.txt">
      <Filter>Data Files</Filter>
    </Text>
    <Text Include="u11636.txt">
      <Filter>Data Files</Filter>
    </Text>
    <Text Include="u10220.txt">
      <Filter>Data Files</Filter>
    </Text>
    <Text Include="u477.txt">
      <Filter>Data Files</Filter>
    </Text>
    <Text Include="u478.txt">
      <Filter>Data Files</Filter>
    </Text>
    <Text Include="u116.txt">
      <Filter>Data Files</Filter>
    </Text>
    <Text Include="u167.txt">
      <Filter>Data Files</Filter>
    </Text>
    <Text Include="u305.txt">
      <Filter>Data Files</Filter>
    </Text>
    <Text Include="u900.txt">
      <Filter>Data Files</Filter>
    </Text>
    <Text Include="u10013.txt">
      <Filter>Data Files</Filter>
    </Text>
    <Text Include="u10062.txt">
      <Filter>Data Files</Filter>
    </Text>
    <Text Include="u10066.txt">
      <Filter>Data Files</Filter>
    </Text>
    <Text Include="u10931.txt">
      <Filter>Data Files</Filter>
    </Text>
    <Text Include="u11150.txt">
      <Filter>Data Files</Filter>
    </Text>
    <Text Include="u11185.txt">
      <Filter>Data Files</Filter>
    </Text>
    <Text Include="u11461.txt">
      <Filter>Data Files</Filter>
    </Text>
    <Text Include="u476.txt">
      <Filter>Data Files</Filter>
    </Text>
    <Text Include="u454.txt">
      <Filter>Data Files</Filter>
    </Text>
    <Text Include="u400.txt">
      <Filter>Data Files</Filter>
    </Text>
    <Text Include="u401.txt">
      <Filter>Data Files</Filter>
    </Text>
    <Text Include="u412.txt">
      <Filter>Data Files</Filter>
    </Text>
  </ItemGroup>
</Project>