<?xml version="1.0" encoding="utf-8"?>
<Project ToolsVersion="4.0" xmlns="http://schemas.microsoft.com/developer/msbuild/2003">
  <ItemGroup>
    <Filter Include="Source Files">
      <UniqueIdentifier>{4FC737F1-C7A5-4376-A066-2A32D752A2FF}</UniqueIdentifier>
      <Extensions>cpp;c;cc;cxx;def;odl;idl;hpj;bat;asm;asmx</Extensions>
    </Filter>
    <Filter Include="Header Files">
      <UniqueIdentifier>{93995380-89BD-4b04-88EB-625FBE52EBFB}</UniqueIdentifier>
      <Extensions>h;hh;hpp;hxx;hm;inl;inc;xsd</Extensions>
    </Filter>
    <Filter Include="Resource Files">
      <UniqueIdentifier>{67DA6AB6-F800-4c08-8B7A-83BB121AAD01}</UniqueIdentifier>
      <Extensions>rc;ico;cur;bmp;dlg;rc2;rct;bin;rgs;gif;jpg;jpeg;jpe;resx;tiff;tif;png;wav;mfcribbon-ms</Extensions>
    </Filter>
  </ItemGroup>
  <ItemGroup>
    <ClInclude Include="U10305.h">
      <Filter>Header Files</Filter>
    </ClInclude>
    <ClInclude Include="evaluator.h">
      <Filter>Header Files</Filter>
    </ClInclude>
    <ClInclude Include="U200.h">
      <Filter>Header Files</Filter>
    </ClInclude>
    <ClInclude Include="U100.h">
      <Filter>Header Files</Filter>
    </ClInclude>
    <ClInclude Include="U482.h">
      <Filter>Header Files</Filter>
    </ClInclude>
    <ClInclude Include="U594.h">
      <Filter>Header Files</Filter>
    </ClInclude>
  </ItemGroup>
  <ItemGroup>
    <ClCompile Include="U10305.cpp">
      <Filter>Source Files</Filter>
    </ClCompile>
    <ClCompile Include="evaluator.cpp">
      <Filter>Source Files</Filter>
    </ClCompile>
    <ClCompile Include="U200.cpp">
      <Filter>Source Files</Filter>
    </ClCompile>
    <ClCompile Include="U100.cpp">
      <Filter>Source Files</Filter>
    </ClCompile>
    <ClCompile Include="U482.cpp">
      <Filter>Source Files</Filter>
    </ClCompile>
    <ClCompile Include="U594.cpp">
      <Filter>Source Files</Filter>
    </ClCompile>
  </ItemGroup>
  <ItemGroup>
    <Text Include="u10305.txt" />
    <Text Include="u200.txt" />
    <Text Include="u200_2.txt" />
    <Text Include="u10305_2.txt" />
    <Text Include="u100.txt" />
    <Text Include="u482.txt" />
    <Text Include="u594.txt" />
  </ItemGroup>
</Project>