
Microsoft Visual Studio Solution File, Format Version 12.00
# Visual Studio 14
VisualStudioVersion = 14.0.24720.0
MinimumVisualStudioVersion = 10.0.40219.1
Project("{8BC9CEB8-8B4A-11D0-8D11-00A0C91BC942}") = "starter", "shared\shared.vcxproj", "{482D0971-DDC5-4A04-83DE-3A0B438A3F89}"
EndProject
Project("{8BC9CEB8-8B4A-11D0-8D11-00A0C91BC942}") = "headers", "headers\headers.vcxitems", "{45D41ACC-2C3C-43D2-BC10-02AA73FFC7C7}"
EndProject
Project("{8BC9CEB8-8B4A-11D0-8D11-00A0C91BC942}") = "u100", "u100\u100.vcxproj", "{1EDBEF59-AF76-42F2-8216-1CCC2E008EF6}"
EndProject
Project("{8BC9CEB8-8B4A-11D0-8D11-00A0C91BC942}") = "u116", "u116\u116.vcxproj", "{08E2E6C0-F883-443F-983D-8AABACE33403}"
EndProject
Project("{8BC9CEB8-8B4A-11D0-8D11-00A0C91BC942}") = "u127", "u127\u127.vcxproj", "{90018751-D938-4559-9D16-53E4BBF5B4D7}"
EndProject
Project("{8BC9CEB8-8B4A-11D0-8D11-00A0C91BC942}") = "u146", "u146\u146.vcxproj", "{FB0E0057-830C-447F-B2B7-5F0934DEEB57}"
EndProject
Project("{8BC9CEB8-8B4A-11D0-8D11-00A0C91BC942}") = "u156", "u156\u156.vcxproj", "{BA67EE8D-00A1-46EE-96CA-13A06710ED6A}"
EndProject
Project("{8BC9CEB8-8B4A-11D0-8D11-00A0C91BC942}") = "u167", "u167\u167.vcxproj", "{AF44EF4E-1F95-47B3-BB66-E73CFF5A6975}"
EndProject
Project("{8BC9CEB8-8B4A-11D0-8D11-00A0C91BC942}") = "u200", "u200\u200.vcxproj", "{8C5A33A3-2BEE-41A9-B18F-D821E5985E1B}"
EndProject
Project("{8BC9CEB8-8B4A-11D0-8D11-00A0C91BC942}") = "u305", "u305\u305.vcxproj", "{5C66E55E-6015-4E0B-8986-5F5BB116A384}"
EndProject
Project("{8BC9CEB8-8B4A-11D0-8D11-00A0C91BC942}") = "u400", "u400\u400.vcxproj", "{B9F7F524-73F9-4109-B0A7-7F01570011FD}"
EndProject
Project("{8BC9CEB8-8B4A-11D0-8D11-00A0C91BC942}") = "u401", "u401\u401.vcxproj", "{4AA1C4CD-AD18-47CC-B744-6A3AC3C27AA4}"
EndProject
Project("{8BC9CEB8-8B4A-11D0-8D11-00A0C91BC942}") = "u412", "u412\u412.vcxproj", "{F7FC2CCF-4869-4721-869E-BD6F2AA5EC27}"
EndProject
Project("{8BC9CEB8-8B4A-11D0-8D11-00A0C91BC942}") = "u454", "u454\u454.vcxproj", "{5F5BBF81-3FA4-41CA-A63E-DED4EC18666D}"
EndProject
Project("{8BC9CEB8-8B4A-11D0-8D11-00A0C91BC942}") = "u478", "u478\u478.vcxproj", "{4987C147-A493-490E-BA5F-DBABE84BD3DB}"
EndProject
Project("{8BC9CEB8-8B4A-11D0-8D11-00A0C91BC942}") = "u482", "u482\u482.vcxproj", "{67A8FC4C-9FA0-4425-BA92-C7C166BBE6C8}"
EndProject
Project("{8BC9CEB8-8B4A-11D0-8D11-00A0C91BC942}") = "u544", "u544\u544.vcxproj", "{DD6DC4D2-4E44-4A22-9278-56FBAB31C7C4}"
EndProject
Project("{8BC9CEB8-8B4A-11D0-8D11-00A0C91BC942}") = "u558", "u558\u558.vcxproj", "{3B1B1F9F-C97F-4835-9908-AC9C970E5E25}"
EndProject
Project("{8BC9CEB8-8B4A-11D0-8D11-00A0C91BC942}") = "u594", "u594\u594.vcxproj", "{8AECC889-8D7B-49E0-AEB0-80954286DC6C}"
EndProject
Project("{8BC9CEB8-8B4A-11D0-8D11-00A0C91BC942}") = "u628", "u628\u628.vcxproj", "{429826E9-FDAA-4081-964B-34058652AA83}"
EndProject
Project("{8BC9CEB8-8B4A-11D0-8D11-00A0C91BC942}") = "u673", "u673\u673.vcxproj", "{9E62047E-CE0D-4D9B-B8CE-FC584D95C569}"
EndProject
Project("{8BC9CEB8-8B4A-11D0-8D11-00A0C91BC942}") = "u679", "u679\u679.vcxproj", "{479A8C3A-27C5-4A6F-AF73-C0BDD4584BBA}"
EndProject
Project("{8BC9CEB8-8B4A-11D0-8D11-00A0C91BC942}") = "u714", "u714\u714.vcxproj", "{3C63EFE2-604A-4C26-8E7E-3F2BAACC6950}"
EndProject
Project("{8BC9CEB8-8B4A-11D0-8D11-00A0C91BC942}") = "u727", "u727\u727.vcxproj", "{BF80E03C-ED86-4377-A629-8AF0DA2E56C1}"
EndProject
Project("{8BC9CEB8-8B4A-11D0-8D11-00A0C91BC942}") = "u900", "u900\u900.vcxproj", "{28D00AF6-8C56-48B7-8D6B-AA3D5B3C2837}"
EndProject
Project("{8BC9CEB8-8B4A-11D0-8D11-00A0C91BC942}") = "u908", "u908\u908.vcxproj", "{A7B10713-09E4-4816-9CD9-A05F1C26FD1C}"
EndProject
Project("{8BC9CEB8-8B4A-11D0-8D11-00A0C91BC942}") = "u957", "u957\u957.vcxproj", "{3BB0C165-CB22-4D8B-B9AF-8DA4F7D41594}"
EndProject
Project("{8BC9CEB8-8B4A-11D0-8D11-00A0C91BC942}") = "u10013", "u10013\u10013.vcxproj", "{E476C8D3-549A-4E33-9A3C-B898CAB15F1E}"
EndProject
Project("{8BC9CEB8-8B4A-11D0-8D11-00A0C91BC942}") = "u10062", "u10062\u10062.vcxproj", "{A2A75DDB-E877-4257-86A8-998D19705BCC}"
EndProject
Project("{8BC9CEB8-8B4A-11D0-8D11-00A0C91BC942}") = "u10194", "u10194\u10194.vcxproj", "{9FE07AED-34EF-40C4-9BDA-CD6F0D2EB511}"
EndProject
Project("{8BC9CEB8-8B4A-11D0-8D11-00A0C91BC942}") = "u10219", "u10219\u10219.vcxproj", "{AAA65103-344C-4B29-AF44-30C5E53A8F9A}"
EndProject
Project("{8BC9CEB8-8B4A-11D0-8D11-00A0C91BC942}") = "u10220", "u10220\u10220.vcxproj", "{6A045A0B-2AFC-4376-A998-D64F9E187600}"
EndProject
Project("{8BC9CEB8-8B4A-11D0-8D11-00A0C91BC942}") = "u10226", "u10226\u10226.vcxproj", "{365B381C-3E8E-4B1B-AF32-797886B8D839}"
EndProject
Project("{8BC9CEB8-8B4A-11D0-8D11-00A0C91BC942}") = "u10258", "u10258\u10258.vcxproj", "{ABF1844F-2F17-4A73-891E-6CC53E363574}"
EndProject
Project("{8BC9CEB8-8B4A-11D0-8D11-00A0C91BC942}") = "u10301", "u10301\u10301.vcxproj", "{C06F1CE1-ACA7-4A82-B93A-14372316A42C}"
EndProject
Project("{8BC9CEB8-8B4A-11D0-8D11-00A0C91BC942}") = "u10305", "u10305\u10305.vcxproj", "{B5E6A217-7A1F-41F4-8963-6C2BA40FFD15}"
EndProject
Project("{8BC9CEB8-8B4A-11D0-8D11-00A0C91BC942}") = "u10810", "u10810\u10810.vcxproj", "{C4BC5017-ADE4-4EED-B515-C827D0FEF79A}"
EndProject
Project("{8BC9CEB8-8B4A-11D0-8D11-00A0C91BC942}") = "u10931", "u10931\u10931.vcxproj", "{C4D50119-0DA3-40CC-96F3-D830F8FC5881}"
EndProject
Project("{8BC9CEB8-8B4A-11D0-8D11-00A0C91BC942}") = "u11136", "u11136\u11136.vcxproj", "{31A2F6B1-5D1C-4F27-9001-06F4C397FEBC}"
EndProject
Project("{8BC9CEB8-8B4A-11D0-8D11-00A0C91BC942}") = "u11150", "u11150\u11150.vcxproj", "{0659ADD9-16CA-4DC9-86AD-A63519FCA3DE}"
EndProject
Project("{8BC9CEB8-8B4A-11D0-8D11-00A0C91BC942}") = "u11185", "u11185\u11185.vcxproj", "{53817EE0-F16C-4A0E-B088-C3777CA43A73}"
EndProject
Project("{8BC9CEB8-8B4A-11D0-8D11-00A0C91BC942}") = "u11239", "u11239\u11239.vcxproj", "{F553C0F2-9BEF-4EF8-BE95-651F17B3FB81}"
EndProject
Project("{8BC9CEB8-8B4A-11D0-8D11-00A0C91BC942}") = "u11308", "u11308\u11308.vcxproj", "{6F1F36DC-3FE0-445F-BA24-FB7590C5FA00}"
EndProject
Project("{8BC9CEB8-8B4A-11D0-8D11-00A0C91BC942}") = "u11340", "u11340\u11340.vcxproj", "{BD903E31-8D89-453C-952F-4494FDBE3A01}"
EndProject
Project("{8BC9CEB8-8B4A-11D0-8D11-00A0C91BC942}") = "u11388", "u11388\u11388.vcxproj", "{CE44E6C5-7AAA-4B3F-8033-0B230D5C4AB4}"
EndProject
Project("{8BC9CEB8-8B4A-11D0-8D11-00A0C91BC942}") = "u11461", "u11461\u11461.vcxproj", "{D9F7E80F-5BE7-41AF-AB52-3DFB99082CD0}"
EndProject
Project("{8BC9CEB8-8B4A-11D0-8D11-00A0C91BC942}") = "u11462", "u11462\u11462.vcxproj", "{40CAF91A-F25C-4B7E-A34A-FD6D7E26E283}"
EndProject
Project("{8BC9CEB8-8B4A-11D0-8D11-00A0C91BC942}") = "u11495", "u11495\u11495.vcxproj", "{AFC06D07-DE11-408A-A0BF-7EDE49A480CB}"
EndProject
Project("{8BC9CEB8-8B4A-11D0-8D11-00A0C91BC942}") = "u11636", "u11636\u11636.vcxproj", "{2FCD6AD6-7E70-42D6-889D-3F83EBEE16AD}"
EndProject
Project("{8BC9CEB8-8B4A-11D0-8D11-00A0C91BC942}") = "u11854", "u11854\u11854.vcxproj", "{CD471A23-4EC4-44A0-A30F-7B02901C424D}"
EndProject
Project("{8BC9CEB8-8B4A-11D0-8D11-00A0C91BC942}") = "u10066", "u10066\u10066.vcxproj", "{240A12C2-4640-4192-81CF-0E275B32D978}"
EndProject
Project("{8BC9CEB8-8B4A-11D0-8D11-00A0C91BC942}") = "u408", "u408\u408.vcxproj", "{4F553475-FE78-4FE3-BCAB-C9D924A1B388}"
EndProject
Project("{8BC9CEB8-8B4A-11D0-8D11-00A0C91BC942}") = "u417", "u417\u417.vcxproj", "{5ED30B70-D666-49F0-8585-06C7A66A3C04}"
EndProject
Project("{8BC9CEB8-8B4A-11D0-8D11-00A0C91BC942}") = "u403", "u403\u403.vcxproj", "{4FCD272C-77A4-404E-BBAC-A67FE1C03D58}"
EndProject
Project("{8BC9CEB8-8B4A-11D0-8D11-00A0C91BC942}") = "u713", "u713\u713.vcxproj", "{B4127D0F-80E6-4776-AB58-823D09D848C8}"
EndProject
Project("{8BC9CEB8-8B4A-11D0-8D11-00A0C91BC942}") = "u11764", "u11764\u11764.vcxproj", "{2C491930-D400-44F6-9D9E-8D9EA244B450}"
EndProject
Project("{8BC9CEB8-8B4A-11D0-8D11-00A0C91BC942}") = "u10369", "u10369\u10369.vcxproj", "{9F6FF0E9-2F6B-41D3-85BD-8C22479EEA6F}"
EndProject
Project("{8BC9CEB8-8B4A-11D0-8D11-00A0C91BC942}") = "u10757", "u10757\u10757.vcxproj", "{CBE73632-6B6D-44BF-B8C0-A144B95F4BD7}"
EndProject
Project("{8BC9CEB8-8B4A-11D0-8D11-00A0C91BC942}") = "u624", "u624\u624.vcxproj", "{610CE96A-BC12-41D0-89F8-2A4B7B2F9EF7}"
EndProject
Project("{8BC9CEB8-8B4A-11D0-8D11-00A0C91BC942}") = "u10746", "u10746\u10746.vcxproj", "{B6E80F54-EE2D-42D8-A308-D0C3B59F381B}"
EndProject
Project("{8BC9CEB8-8B4A-11D0-8D11-00A0C91BC942}") = "u1199", "u1199\u1199.vcxproj", "{A2A1CBAF-EC26-453E-BF23-959BCE5B3E29}"
EndProject
Project("{8BC9CEB8-8B4A-11D0-8D11-00A0C91BC942}") = "u11221", "u11221\u11221.vcxproj", "{3110780E-7F63-47CA-A823-17C08405D303}"
EndProject
Project("{8BC9CEB8-8B4A-11D0-8D11-00A0C91BC942}") = "u306", "u306\u306.vcxproj", "{D6612201-B1BA-428A-AF39-284D95753747}"
EndProject
Project("{8BC9CEB8-8B4A-11D0-8D11-00A0C91BC942}") = "u213", "u213\u213.vcxproj", "{4EAA998E-2384-4EC0-B72C-BFA9605C98F7}"
EndProject
Project("{8BC9CEB8-8B4A-11D0-8D11-00A0C91BC942}") = "u444", "u444\u444.vcxproj", "{2D5EDD0F-8134-4D09-B8C4-02052F0F2F7B}"
EndProject
Project("{8BC9CEB8-8B4A-11D0-8D11-00A0C91BC942}") = "u10878", "u10878\u10878.vcxproj", "{BAEC8321-4D92-4CA8-A3D2-FEB8254655D3}"
EndProject
Project("{8BC9CEB8-8B4A-11D0-8D11-00A0C91BC942}") = "u10896", "u10896\u10896.vcxproj", "{1154D183-6999-4C10-84A4-A20FFA8E8E96}"
EndProject
Project("{8BC9CEB8-8B4A-11D0-8D11-00A0C91BC942}") = "u11541", "u11541\u11541.vcxproj", "{150500A2-0254-47E8-9771-1C035DC65EF0}"
EndProject
Project("{8BC9CEB8-8B4A-11D0-8D11-00A0C91BC942}") = "u424", "u424\u424.vcxproj", "{9BDAAB8A-37E3-491A-8711-5285B826410A}"
EndProject
Project("{8BC9CEB8-8B4A-11D0-8D11-00A0C91BC942}") = "u465", "u465\u465.vcxproj", "{D6DD04EC-B39B-4721-BBD3-81ECECBB978C}"
EndProject
Project("{8BC9CEB8-8B4A-11D0-8D11-00A0C91BC942}") = "u619", "u619\u619.vcxproj", "{C8CE7384-C3A7-4A4B-A3AB-995D80A5A71A}"
EndProject
Project("{8BC9CEB8-8B4A-11D0-8D11-00A0C91BC942}") = "u12243", "u12243\u12243.vcxproj", "{B73E0AEB-FDD2-4EDE-9AEF-B2E9A5211B7D}"
EndProject
Project("{8BC9CEB8-8B4A-11D0-8D11-00A0C91BC942}") = "u184", "u184\u184.vcxproj", "{CBFCE499-09FC-460C-9956-CDC50F89F965}"
EndProject
Project("{8BC9CEB8-8B4A-11D0-8D11-00A0C91BC942}") = "u11111", "u11111\u11111.vcxproj", "{6FED781C-72F3-4C76-AA06-37CC22EB3A9C}"
EndProject
Project("{8BC9CEB8-8B4A-11D0-8D11-00A0C91BC942}") = "u458", "u458\u458.vcxproj", "{F3C57AA6-6961-4B43-A9A1-0DA4AD0E1AA3}"
EndProject
Project("{8BC9CEB8-8B4A-11D0-8D11-00A0C91BC942}") = "u468", "u468\u468.vcxproj", "{EEB73CB3-2AE5-4C71-881E-CF98C9042522}"
EndProject
Project("{8BC9CEB8-8B4A-11D0-8D11-00A0C91BC942}") = "u492", "u492\u492.vcxproj", "{3EF06FFE-5BEC-4999-846D-F8A5537ADE7D}"
EndProject
Project("{8BC9CEB8-8B4A-11D0-8D11-00A0C91BC942}") = "u865", "u865\u865.vcxproj", "{22B4D399-FA77-4606-9D1A-2D59831D3B72}"
EndProject
Project("{8BC9CEB8-8B4A-11D0-8D11-00A0C91BC942}") = "u1210", "u1210\u1210.vcxproj", "{22B1096C-52FE-425A-BDCA-F882BB2B7615}"
EndProject
Project("{8BC9CEB8-8B4A-11D0-8D11-00A0C91BC942}") = "u11223", "u11223\u11223.vcxproj", "{BEDAD1B0-01D4-46E6-B2F4-4D730F156955}"
EndProject
Global
	GlobalSection(SharedMSBuildProjectFiles) = preSolution
		headers\headers.vcxitems*{8aecc889-8d7b-49e0-aeb0-80954286dc6c}*SharedItemsImports = 4
		headers\headers.vcxitems*{22b1096c-52fe-425a-bdca-f882bb2b7615}*SharedItemsImports = 4
		headers\headers.vcxitems*{b6e80f54-ee2d-42d8-a308-d0c3b59f381b}*SharedItemsImports = 4
		headers\headers.vcxitems*{429826e9-fdaa-4081-964b-34058652aa83}*SharedItemsImports = 4
		headers\headers.vcxitems*{4aa1c4cd-ad18-47cc-b744-6a3ac3c27aa4}*SharedItemsImports = 4
		headers\headers.vcxitems*{5ed30b70-d666-49f0-8585-06c7a66a3c04}*SharedItemsImports = 4
		headers\headers.vcxitems*{c8ce7384-c3a7-4a4b-a3ab-995d80a5a71a}*SharedItemsImports = 4
		headers\headers.vcxitems*{6a045a0b-2afc-4376-a998-d64f9e187600}*SharedItemsImports = 4
		headers\headers.vcxitems*{f3c57aa6-6961-4b43-a9a1-0da4ad0e1aa3}*SharedItemsImports = 4
		headers\headers.vcxitems*{3ef06ffe-5bec-4999-846d-f8a5537ade7d}*SharedItemsImports = 4
		headers\headers.vcxitems*{4fcd272c-77a4-404e-bbac-a67fe1c03d58}*SharedItemsImports = 4
		headers\headers.vcxitems*{479a8c3a-27c5-4a6f-af73-c0bdd4584bba}*SharedItemsImports = 4
		headers\headers.vcxitems*{c4bc5017-ade4-4eed-b515-c827d0fef79a}*SharedItemsImports = 4
		headers\headers.vcxitems*{b5e6a217-7a1f-41f4-8963-6c2ba40ffd15}*SharedItemsImports = 4
		headers\headers.vcxitems*{ba67ee8d-00a1-46ee-96ca-13a06710ed6a}*SharedItemsImports = 4
		headers\headers.vcxitems*{6f1f36dc-3fe0-445f-ba24-fb7590c5fa00}*SharedItemsImports = 4
		headers\headers.vcxitems*{9e62047e-ce0d-4d9b-b8ce-fc584d95c569}*SharedItemsImports = 4
		headers\headers.vcxitems*{1edbef59-af76-42f2-8216-1ccc2e008ef6}*SharedItemsImports = 4
		headers\headers.vcxitems*{2d5edd0f-8134-4d09-b8c4-02052f0f2f7b}*SharedItemsImports = 4
		headers\headers.vcxitems*{aaa65103-344c-4b29-af44-30c5e53a8f9a}*SharedItemsImports = 4
		headers\headers.vcxitems*{482d0971-ddc5-4a04-83de-3a0b438a3f89}*SharedItemsImports = 4
		headers\headers.vcxitems*{b9f7f524-73f9-4109-b0a7-7f01570011fd}*SharedItemsImports = 4
		headers\headers.vcxitems*{0659add9-16ca-4dc9-86ad-a63519fca3de}*SharedItemsImports = 4
		headers\headers.vcxitems*{b4127d0f-80e6-4776-ab58-823d09d848c8}*SharedItemsImports = 4
		headers\headers.vcxitems*{5f5bbf81-3fa4-41ca-a63e-ded4ec18666d}*SharedItemsImports = 4
		headers\headers.vcxitems*{d9f7e80f-5be7-41af-ab52-3dfb99082cd0}*SharedItemsImports = 4
		headers\headers.vcxitems*{ce44e6c5-7aaa-4b3f-8033-0b230d5c4ab4}*SharedItemsImports = 4
		headers\headers.vcxitems*{dd6dc4d2-4e44-4a22-9278-56fbab31c7c4}*SharedItemsImports = 4
		headers\headers.vcxitems*{4eaa998e-2384-4ec0-b72c-bfa9605c98f7}*SharedItemsImports = 4
		headers\headers.vcxitems*{a2a75ddb-e877-4257-86a8-998d19705bcc}*SharedItemsImports = 4
		headers\headers.vcxitems*{bf80e03c-ed86-4377-a629-8af0da2e56c1}*SharedItemsImports = 4
		headers\headers.vcxitems*{1154d183-6999-4c10-84a4-a20ffa8e8e96}*SharedItemsImports = 4
		headers\headers.vcxitems*{a2a1cbaf-ec26-453e-bf23-959bce5b3e29}*SharedItemsImports = 4
		headers\headers.vcxitems*{d6dd04ec-b39b-4721-bbd3-81ececbb978c}*SharedItemsImports = 4
		headers\headers.vcxitems*{abf1844f-2f17-4a73-891e-6cc53e363574}*SharedItemsImports = 4
		headers\headers.vcxitems*{bedad1b0-01d4-46e6-b2f4-4d730f156955}*SharedItemsImports = 4
		headers\headers.vcxitems*{22b4d399-fa77-4606-9d1a-2d59831d3b72}*SharedItemsImports = 4
		headers\headers.vcxitems*{cd471a23-4ec4-44a0-a30f-7b02901c424d}*SharedItemsImports = 4
		headers\headers.vcxitems*{b73e0aeb-fdd2-4ede-9aef-b2e9a5211b7d}*SharedItemsImports = 4
		headers\headers.vcxitems*{9bdaab8a-37e3-491a-8711-5285b826410a}*SharedItemsImports = 4
		headers\headers.vcxitems*{cbe73632-6b6d-44bf-b8c0-a144b95f4bd7}*SharedItemsImports = 4
		headers\headers.vcxitems*{f7fc2ccf-4869-4721-869e-bd6f2aa5ec27}*SharedItemsImports = 4
		headers\headers.vcxitems*{e476c8d3-549a-4e33-9a3c-b898cab15f1e}*SharedItemsImports = 4
		headers\headers.vcxitems*{baec8321-4d92-4ca8-a3d2-feb8254655d3}*SharedItemsImports = 4
		headers\headers.vcxitems*{150500a2-0254-47e8-9771-1c035dc65ef0}*SharedItemsImports = 4
		headers\headers.vcxitems*{eeb73cb3-2ae5-4c71-881e-cf98c9042522}*SharedItemsImports = 4
		headers\headers.vcxitems*{f553c0f2-9bef-4ef8-be95-651f17b3fb81}*SharedItemsImports = 4
		headers\headers.vcxitems*{a7b10713-09e4-4816-9cd9-a05f1c26fd1c}*SharedItemsImports = 4
		headers\headers.vcxitems*{28d00af6-8c56-48b7-8d6b-aa3d5b3c2837}*SharedItemsImports = 4
		headers\headers.vcxitems*{cbfce499-09fc-460c-9956-cdc50f89f965}*SharedItemsImports = 4
		headers\headers.vcxitems*{afc06d07-de11-408a-a0bf-7ede49a480cb}*SharedItemsImports = 4
		headers\headers.vcxitems*{c4d50119-0da3-40cc-96f3-d830f8fc5881}*SharedItemsImports = 4
		headers\headers.vcxitems*{90018751-d938-4559-9d16-53e4bbf5b4d7}*SharedItemsImports = 4
		headers\headers.vcxitems*{fb0e0057-830c-447f-b2b7-5f0934deeb57}*SharedItemsImports = 4
		headers\headers.vcxitems*{6fed781c-72f3-4c76-aa06-37cc22eb3a9c}*SharedItemsImports = 4
		headers\headers.vcxitems*{4987c147-a493-490e-ba5f-dbabe84bd3db}*SharedItemsImports = 4
		headers\headers.vcxitems*{9f6ff0e9-2f6b-41d3-85bd-8c22479eea6f}*SharedItemsImports = 4
		headers\headers.vcxitems*{67a8fc4c-9fa0-4425-ba92-c7c166bbe6c8}*SharedItemsImports = 4
		headers\headers.vcxitems*{40caf91a-f25c-4b7e-a34a-fd6d7e26e283}*SharedItemsImports = 4
		headers\headers.vcxitems*{d6612201-b1ba-428a-af39-284d95753747}*SharedItemsImports = 4
		headers\headers.vcxitems*{af44ef4e-1f95-47b3-bb66-e73cff5a6975}*SharedItemsImports = 4
		headers\headers.vcxitems*{3110780e-7f63-47ca-a823-17c08405d303}*SharedItemsImports = 4
		headers\headers.vcxitems*{3b1b1f9f-c97f-4835-9908-ac9c970e5e25}*SharedItemsImports = 4
		headers\headers.vcxitems*{53817ee0-f16c-4a0e-b088-c3777ca43a73}*SharedItemsImports = 4
		headers\headers.vcxitems*{3c63efe2-604a-4c26-8e7e-3f2baacc6950}*SharedItemsImports = 4
		headers\headers.vcxitems*{5c66e55e-6015-4e0b-8986-5f5bb116a384}*SharedItemsImports = 4
		headers\headers.vcxitems*{9fe07aed-34ef-40c4-9bda-cd6f0d2eb511}*SharedItemsImports = 4
		headers\headers.vcxitems*{31a2f6b1-5d1c-4f27-9001-06f4c397febc}*SharedItemsImports = 4
		headers\headers.vcxitems*{45d41acc-2c3c-43d2-bc10-02aa73ffc7c7}*SharedItemsImports = 9
		headers\headers.vcxitems*{240a12c2-4640-4192-81cf-0e275b32d978}*SharedItemsImports = 4
		headers\headers.vcxitems*{2fcd6ad6-7e70-42d6-889d-3f83ebee16ad}*SharedItemsImports = 4
		headers\headers.vcxitems*{365b381c-3e8e-4b1b-af32-797886b8d839}*SharedItemsImports = 4
		headers\headers.vcxitems*{bd903e31-8d89-453c-952f-4494fdbe3a01}*SharedItemsImports = 4
		headers\headers.vcxitems*{2c491930-d400-44f6-9d9e-8d9ea244b450}*SharedItemsImports = 4
		headers\headers.vcxitems*{4f553475-fe78-4fe3-bcab-c9d924a1b388}*SharedItemsImports = 4
		headers\headers.vcxitems*{c06f1ce1-aca7-4a82-b93a-14372316a42c}*SharedItemsImports = 4
		headers\headers.vcxitems*{08e2e6c0-f883-443f-983d-8aabace33403}*SharedItemsImports = 4
		headers\headers.vcxitems*{3bb0c165-cb22-4d8b-b9af-8da4f7d41594}*SharedItemsImports = 4
		headers\headers.vcxitems*{8c5a33a3-2bee-41a9-b18f-d821e5985e1b}*SharedItemsImports = 4
	EndGlobalSection
	GlobalSection(SolutionConfigurationPlatforms) = preSolution
		Debug|ARM = Debug|ARM
		Debug|x64 = Debug|x64
		Debug|x86 = Debug|x86
		Release|ARM = Release|ARM
		Release|x64 = Release|x64
		Release|x86 = Release|x86
	EndGlobalSection
	GlobalSection(ProjectConfigurationPlatforms) = postSolution
		{482D0971-DDC5-4A04-83DE-3A0B438A3F89}.Debug|ARM.ActiveCfg = Debug|Win32
		{482D0971-DDC5-4A04-83DE-3A0B438A3F89}.Debug|x64.ActiveCfg = Debug|x64
		{482D0971-DDC5-4A04-83DE-3A0B438A3F89}.Debug|x64.Build.0 = Debug|x64
		{482D0971-DDC5-4A04-83DE-3A0B438A3F89}.Debug|x86.ActiveCfg = Debug|Win32
		{482D0971-DDC5-4A04-83DE-3A0B438A3F89}.Debug|x86.Build.0 = Debug|Win32
		{482D0971-DDC5-4A04-83DE-3A0B438A3F89}.Release|ARM.ActiveCfg = Release|Win32
		{482D0971-DDC5-4A04-83DE-3A0B438A3F89}.Release|x64.ActiveCfg = Release|x64
		{482D0971-DDC5-4A04-83DE-3A0B438A3F89}.Release|x64.Build.0 = Release|x64
		{482D0971-DDC5-4A04-83DE-3A0B438A3F89}.Release|x86.ActiveCfg = Release|Win32
		{482D0971-DDC5-4A04-83DE-3A0B438A3F89}.Release|x86.Build.0 = Release|Win32
		{1EDBEF59-AF76-42F2-8216-1CCC2E008EF6}.Debug|ARM.ActiveCfg = Debug|Win32
		{1EDBEF59-AF76-42F2-8216-1CCC2E008EF6}.Debug|x64.ActiveCfg = Debug|x64
		{1EDBEF59-AF76-42F2-8216-1CCC2E008EF6}.Debug|x64.Build.0 = Debug|x64
		{1EDBEF59-AF76-42F2-8216-1CCC2E008EF6}.Debug|x86.ActiveCfg = Debug|Win32
		{1EDBEF59-AF76-42F2-8216-1CCC2E008EF6}.Debug|x86.Build.0 = Debug|Win32
		{1EDBEF59-AF76-42F2-8216-1CCC2E008EF6}.Release|ARM.ActiveCfg = Release|Win32
		{1EDBEF59-AF76-42F2-8216-1CCC2E008EF6}.Release|x64.ActiveCfg = Release|x64
		{1EDBEF59-AF76-42F2-8216-1CCC2E008EF6}.Release|x64.Build.0 = Release|x64
		{1EDBEF59-AF76-42F2-8216-1CCC2E008EF6}.Release|x86.ActiveCfg = Release|Win32
		{1EDBEF59-AF76-42F2-8216-1CCC2E008EF6}.Release|x86.Build.0 = Release|Win32
		{08E2E6C0-F883-443F-983D-8AABACE33403}.Debug|ARM.ActiveCfg = Debug|Win32
		{08E2E6C0-F883-443F-983D-8AABACE33403}.Debug|x64.ActiveCfg = Debug|x64
		{08E2E6C0-F883-443F-983D-8AABACE33403}.Debug|x64.Build.0 = Debug|x64
		{08E2E6C0-F883-443F-983D-8AABACE33403}.Debug|x86.ActiveCfg = Debug|Win32
		{08E2E6C0-F883-443F-983D-8AABACE33403}.Debug|x86.Build.0 = Debug|Win32
		{08E2E6C0-F883-443F-983D-8AABACE33403}.Release|ARM.ActiveCfg = Release|Win32
		{08E2E6C0-F883-443F-983D-8AABACE33403}.Release|x64.ActiveCfg = Release|x64
		{08E2E6C0-F883-443F-983D-8AABACE33403}.Release|x64.Build.0 = Release|x64
		{08E2E6C0-F883-443F-983D-8AABACE33403}.Release|x86.ActiveCfg = Release|Win32
		{08E2E6C0-F883-443F-983D-8AABACE33403}.Release|x86.Build.0 = Release|Win32
		{90018751-D938-4559-9D16-53E4BBF5B4D7}.Debug|ARM.ActiveCfg = Debug|Win32
		{90018751-D938-4559-9D16-53E4BBF5B4D7}.Debug|x64.ActiveCfg = Debug|x64
		{90018751-D938-4559-9D16-53E4BBF5B4D7}.Debug|x64.Build.0 = Debug|x64
		{90018751-D938-4559-9D16-53E4BBF5B4D7}.Debug|x86.ActiveCfg = Debug|Win32
		{90018751-D938-4559-9D16-53E4BBF5B4D7}.Debug|x86.Build.0 = Debug|Win32
		{90018751-D938-4559-9D16-53E4BBF5B4D7}.Release|ARM.ActiveCfg = Release|Win32
		{90018751-D938-4559-9D16-53E4BBF5B4D7}.Release|x64.ActiveCfg = Release|x64
		{90018751-D938-4559-9D16-53E4BBF5B4D7}.Release|x64.Build.0 = Release|x64
		{90018751-D938-4559-9D16-53E4BBF5B4D7}.Release|x86.ActiveCfg = Release|Win32
		{90018751-D938-4559-9D16-53E4BBF5B4D7}.Release|x86.Build.0 = Release|Win32
		{FB0E0057-830C-447F-B2B7-5F0934DEEB57}.Debug|ARM.ActiveCfg = Debug|Win32
		{FB0E0057-830C-447F-B2B7-5F0934DEEB57}.Debug|x64.ActiveCfg = Debug|x64
		{FB0E0057-830C-447F-B2B7-5F0934DEEB57}.Debug|x64.Build.0 = Debug|x64
		{FB0E0057-830C-447F-B2B7-5F0934DEEB57}.Debug|x86.ActiveCfg = Debug|Win32
		{FB0E0057-830C-447F-B2B7-5F0934DEEB57}.Debug|x86.Build.0 = Debug|Win32
		{FB0E0057-830C-447F-B2B7-5F0934DEEB57}.Release|ARM.ActiveCfg = Release|Win32
		{FB0E0057-830C-447F-B2B7-5F0934DEEB57}.Release|x64.ActiveCfg = Release|x64
		{FB0E0057-830C-447F-B2B7-5F0934DEEB57}.Release|x64.Build.0 = Release|x64
		{FB0E0057-830C-447F-B2B7-5F0934DEEB57}.Release|x86.ActiveCfg = Release|Win32
		{FB0E0057-830C-447F-B2B7-5F0934DEEB57}.Release|x86.Build.0 = Release|Win32
		{BA67EE8D-00A1-46EE-96CA-13A06710ED6A}.Debug|ARM.ActiveCfg = Debug|Win32
		{BA67EE8D-00A1-46EE-96CA-13A06710ED6A}.Debug|x64.ActiveCfg = Debug|x64
		{BA67EE8D-00A1-46EE-96CA-13A06710ED6A}.Debug|x64.Build.0 = Debug|x64
		{BA67EE8D-00A1-46EE-96CA-13A06710ED6A}.Debug|x86.ActiveCfg = Debug|Win32
		{BA67EE8D-00A1-46EE-96CA-13A06710ED6A}.Debug|x86.Build.0 = Debug|Win32
		{BA67EE8D-00A1-46EE-96CA-13A06710ED6A}.Release|ARM.ActiveCfg = Release|Win32
		{BA67EE8D-00A1-46EE-96CA-13A06710ED6A}.Release|x64.ActiveCfg = Release|x64
		{BA67EE8D-00A1-46EE-96CA-13A06710ED6A}.Release|x64.Build.0 = Release|x64
		{BA67EE8D-00A1-46EE-96CA-13A06710ED6A}.Release|x86.ActiveCfg = Release|Win32
		{BA67EE8D-00A1-46EE-96CA-13A06710ED6A}.Release|x86.Build.0 = Release|Win32
		{AF44EF4E-1F95-47B3-BB66-E73CFF5A6975}.Debug|ARM.ActiveCfg = Debug|Win32
		{AF44EF4E-1F95-47B3-BB66-E73CFF5A6975}.Debug|x64.ActiveCfg = Debug|x64
		{AF44EF4E-1F95-47B3-BB66-E73CFF5A6975}.Debug|x64.Build.0 = Debug|x64
		{AF44EF4E-1F95-47B3-BB66-E73CFF5A6975}.Debug|x86.ActiveCfg = Debug|Win32
		{AF44EF4E-1F95-47B3-BB66-E73CFF5A6975}.Debug|x86.Build.0 = Debug|Win32
		{AF44EF4E-1F95-47B3-BB66-E73CFF5A6975}.Release|ARM.ActiveCfg = Release|Win32
		{AF44EF4E-1F95-47B3-BB66-E73CFF5A6975}.Release|x64.ActiveCfg = Release|x64
		{AF44EF4E-1F95-47B3-BB66-E73CFF5A6975}.Release|x64.Build.0 = Release|x64
		{AF44EF4E-1F95-47B3-BB66-E73CFF5A6975}.Release|x86.ActiveCfg = Release|Win32
		{AF44EF4E-1F95-47B3-BB66-E73CFF5A6975}.Release|x86.Build.0 = Release|Win32
		{8C5A33A3-2BEE-41A9-B18F-D821E5985E1B}.Debug|ARM.ActiveCfg = Debug|Win32
		{8C5A33A3-2BEE-41A9-B18F-D821E5985E1B}.Debug|x64.ActiveCfg = Debug|x64
		{8C5A33A3-2BEE-41A9-B18F-D821E5985E1B}.Debug|x64.Build.0 = Debug|x64
		{8C5A33A3-2BEE-41A9-B18F-D821E5985E1B}.Debug|x86.ActiveCfg = Debug|Win32
		{8C5A33A3-2BEE-41A9-B18F-D821E5985E1B}.Debug|x86.Build.0 = Debug|Win32
		{8C5A33A3-2BEE-41A9-B18F-D821E5985E1B}.Release|ARM.ActiveCfg = Release|Win32
		{8C5A33A3-2BEE-41A9-B18F-D821E5985E1B}.Release|x64.ActiveCfg = Release|x64
		{8C5A33A3-2BEE-41A9-B18F-D821E5985E1B}.Release|x64.Build.0 = Release|x64
		{8C5A33A3-2BEE-41A9-B18F-D821E5985E1B}.Release|x86.ActiveCfg = Release|Win32
		{8C5A33A3-2BEE-41A9-B18F-D821E5985E1B}.Release|x86.Build.0 = Release|Win32
		{5C66E55E-6015-4E0B-8986-5F5BB116A384}.Debug|ARM.ActiveCfg = Debug|Win32
		{5C66E55E-6015-4E0B-8986-5F5BB116A384}.Debug|x64.ActiveCfg = Debug|x64
		{5C66E55E-6015-4E0B-8986-5F5BB116A384}.Debug|x64.Build.0 = Debug|x64
		{5C66E55E-6015-4E0B-8986-5F5BB116A384}.Debug|x86.ActiveCfg = Debug|Win32
		{5C66E55E-6015-4E0B-8986-5F5BB116A384}.Debug|x86.Build.0 = Debug|Win32
		{5C66E55E-6015-4E0B-8986-5F5BB116A384}.Release|ARM.ActiveCfg = Release|Win32
		{5C66E55E-6015-4E0B-8986-5F5BB116A384}.Release|x64.ActiveCfg = Release|x64
		{5C66E55E-6015-4E0B-8986-5F5BB116A384}.Release|x64.Build.0 = Release|x64
		{5C66E55E-6015-4E0B-8986-5F5BB116A384}.Release|x86.ActiveCfg = Release|Win32
		{5C66E55E-6015-4E0B-8986-5F5BB116A384}.Release|x86.Build.0 = Release|Win32
		{B9F7F524-73F9-4109-B0A7-7F01570011FD}.Debug|ARM.ActiveCfg = Debug|Win32
		{B9F7F524-73F9-4109-B0A7-7F01570011FD}.Debug|x64.ActiveCfg = Debug|x64
		{B9F7F524-73F9-4109-B0A7-7F01570011FD}.Debug|x64.Build.0 = Debug|x64
		{B9F7F524-73F9-4109-B0A7-7F01570011FD}.Debug|x86.ActiveCfg = Debug|Win32
		{B9F7F524-73F9-4109-B0A7-7F01570011FD}.Debug|x86.Build.0 = Debug|Win32
		{B9F7F524-73F9-4109-B0A7-7F01570011FD}.Release|ARM.ActiveCfg = Release|Win32
		{B9F7F524-73F9-4109-B0A7-7F01570011FD}.Release|x64.ActiveCfg = Release|x64
		{B9F7F524-73F9-4109-B0A7-7F01570011FD}.Release|x64.Build.0 = Release|x64
		{B9F7F524-73F9-4109-B0A7-7F01570011FD}.Release|x86.ActiveCfg = Release|Win32
		{B9F7F524-73F9-4109-B0A7-7F01570011FD}.Release|x86.Build.0 = Release|Win32
		{4AA1C4CD-AD18-47CC-B744-6A3AC3C27AA4}.Debug|ARM.ActiveCfg = Debug|Win32
		{4AA1C4CD-AD18-47CC-B744-6A3AC3C27AA4}.Debug|x64.ActiveCfg = Debug|x64
		{4AA1C4CD-AD18-47CC-B744-6A3AC3C27AA4}.Debug|x64.Build.0 = Debug|x64
		{4AA1C4CD-AD18-47CC-B744-6A3AC3C27AA4}.Debug|x86.ActiveCfg = Debug|Win32
		{4AA1C4CD-AD18-47CC-B744-6A3AC3C27AA4}.Debug|x86.Build.0 = Debug|Win32
		{4AA1C4CD-AD18-47CC-B744-6A3AC3C27AA4}.Release|ARM.ActiveCfg = Release|Win32
		{4AA1C4CD-AD18-47CC-B744-6A3AC3C27AA4}.Release|x64.ActiveCfg = Release|x64
		{4AA1C4CD-AD18-47CC-B744-6A3AC3C27AA4}.Release|x64.Build.0 = Release|x64
		{4AA1C4CD-AD18-47CC-B744-6A3AC3C27AA4}.Release|x86.ActiveCfg = Release|Win32
		{4AA1C4CD-AD18-47CC-B744-6A3AC3C27AA4}.Release|x86.Build.0 = Release|Win32
		{F7FC2CCF-4869-4721-869E-BD6F2AA5EC27}.Debug|ARM.ActiveCfg = Debug|Win32
		{F7FC2CCF-4869-4721-869E-BD6F2AA5EC27}.Debug|x64.ActiveCfg = Debug|x64
		{F7FC2CCF-4869-4721-869E-BD6F2AA5EC27}.Debug|x64.Build.0 = Debug|x64
		{F7FC2CCF-4869-4721-869E-BD6F2AA5EC27}.Debug|x86.ActiveCfg = Debug|Win32
		{F7FC2CCF-4869-4721-869E-BD6F2AA5EC27}.Debug|x86.Build.0 = Debug|Win32
		{F7FC2CCF-4869-4721-869E-BD6F2AA5EC27}.Release|ARM.ActiveCfg = Release|Win32
		{F7FC2CCF-4869-4721-869E-BD6F2AA5EC27}.Release|x64.ActiveCfg = Release|x64
		{F7FC2CCF-4869-4721-869E-BD6F2AA5EC27}.Release|x64.Build.0 = Release|x64
		{F7FC2CCF-4869-4721-869E-BD6F2AA5EC27}.Release|x86.ActiveCfg = Release|Win32
		{F7FC2CCF-4869-4721-869E-BD6F2AA5EC27}.Release|x86.Build.0 = Release|Win32
		{5F5BBF81-3FA4-41CA-A63E-DED4EC18666D}.Debug|ARM.ActiveCfg = Debug|Win32
		{5F5BBF81-3FA4-41CA-A63E-DED4EC18666D}.Debug|x64.ActiveCfg = Debug|x64
		{5F5BBF81-3FA4-41CA-A63E-DED4EC18666D}.Debug|x64.Build.0 = Debug|x64
		{5F5BBF81-3FA4-41CA-A63E-DED4EC18666D}.Debug|x86.ActiveCfg = Debug|Win32
		{5F5BBF81-3FA4-41CA-A63E-DED4EC18666D}.Debug|x86.Build.0 = Debug|Win32
		{5F5BBF81-3FA4-41CA-A63E-DED4EC18666D}.Release|ARM.ActiveCfg = Release|Win32
		{5F5BBF81-3FA4-41CA-A63E-DED4EC18666D}.Release|x64.ActiveCfg = Release|x64
		{5F5BBF81-3FA4-41CA-A63E-DED4EC18666D}.Release|x64.Build.0 = Release|x64
		{5F5BBF81-3FA4-41CA-A63E-DED4EC18666D}.Release|x86.ActiveCfg = Release|Win32
		{5F5BBF81-3FA4-41CA-A63E-DED4EC18666D}.Release|x86.Build.0 = Release|Win32
		{4987C147-A493-490E-BA5F-DBABE84BD3DB}.Debug|ARM.ActiveCfg = Debug|Win32
		{4987C147-A493-490E-BA5F-DBABE84BD3DB}.Debug|x64.ActiveCfg = Debug|x64
		{4987C147-A493-490E-BA5F-DBABE84BD3DB}.Debug|x64.Build.0 = Debug|x64
		{4987C147-A493-490E-BA5F-DBABE84BD3DB}.Debug|x86.ActiveCfg = Debug|Win32
		{4987C147-A493-490E-BA5F-DBABE84BD3DB}.Debug|x86.Build.0 = Debug|Win32
		{4987C147-A493-490E-BA5F-DBABE84BD3DB}.Release|ARM.ActiveCfg = Release|Win32
		{4987C147-A493-490E-BA5F-DBABE84BD3DB}.Release|x64.ActiveCfg = Release|x64
		{4987C147-A493-490E-BA5F-DBABE84BD3DB}.Release|x64.Build.0 = Release|x64
		{4987C147-A493-490E-BA5F-DBABE84BD3DB}.Release|x86.ActiveCfg = Release|Win32
		{4987C147-A493-490E-BA5F-DBABE84BD3DB}.Release|x86.Build.0 = Release|Win32
		{67A8FC4C-9FA0-4425-BA92-C7C166BBE6C8}.Debug|ARM.ActiveCfg = Debug|Win32
		{67A8FC4C-9FA0-4425-BA92-C7C166BBE6C8}.Debug|x64.ActiveCfg = Debug|x64
		{67A8FC4C-9FA0-4425-BA92-C7C166BBE6C8}.Debug|x64.Build.0 = Debug|x64
		{67A8FC4C-9FA0-4425-BA92-C7C166BBE6C8}.Debug|x86.ActiveCfg = Debug|Win32
		{67A8FC4C-9FA0-4425-BA92-C7C166BBE6C8}.Debug|x86.Build.0 = Debug|Win32
		{67A8FC4C-9FA0-4425-BA92-C7C166BBE6C8}.Release|ARM.ActiveCfg = Release|Win32
		{67A8FC4C-9FA0-4425-BA92-C7C166BBE6C8}.Release|x64.ActiveCfg = Release|x64
		{67A8FC4C-9FA0-4425-BA92-C7C166BBE6C8}.Release|x64.Build.0 = Release|x64
		{67A8FC4C-9FA0-4425-BA92-C7C166BBE6C8}.Release|x86.ActiveCfg = Release|Win32
		{67A8FC4C-9FA0-4425-BA92-C7C166BBE6C8}.Release|x86.Build.0 = Release|Win32
		{DD6DC4D2-4E44-4A22-9278-56FBAB31C7C4}.Debug|ARM.ActiveCfg = Debug|Win32
		{DD6DC4D2-4E44-4A22-9278-56FBAB31C7C4}.Debug|x64.ActiveCfg = Debug|x64
		{DD6DC4D2-4E44-4A22-9278-56FBAB31C7C4}.Debug|x64.Build.0 = Debug|x64
		{DD6DC4D2-4E44-4A22-9278-56FBAB31C7C4}.Debug|x86.ActiveCfg = Debug|Win32
		{DD6DC4D2-4E44-4A22-9278-56FBAB31C7C4}.Debug|x86.Build.0 = Debug|Win32
		{DD6DC4D2-4E44-4A22-9278-56FBAB31C7C4}.Release|ARM.ActiveCfg = Release|Win32
		{DD6DC4D2-4E44-4A22-9278-56FBAB31C7C4}.Release|x64.ActiveCfg = Release|x64
		{DD6DC4D2-4E44-4A22-9278-56FBAB31C7C4}.Release|x64.Build.0 = Release|x64
		{DD6DC4D2-4E44-4A22-9278-56FBAB31C7C4}.Release|x86.ActiveCfg = Release|Win32
		{DD6DC4D2-4E44-4A22-9278-56FBAB31C7C4}.Release|x86.Build.0 = Release|Win32
		{3B1B1F9F-C97F-4835-9908-AC9C970E5E25}.Debug|ARM.ActiveCfg = Debug|Win32
		{3B1B1F9F-C97F-4835-9908-AC9C970E5E25}.Debug|x64.ActiveCfg = Debug|x64
		{3B1B1F9F-C97F-4835-9908-AC9C970E5E25}.Debug|x64.Build.0 = Debug|x64
		{3B1B1F9F-C97F-4835-9908-AC9C970E5E25}.Debug|x86.ActiveCfg = Debug|Win32
		{3B1B1F9F-C97F-4835-9908-AC9C970E5E25}.Debug|x86.Build.0 = Debug|Win32
		{3B1B1F9F-C97F-4835-9908-AC9C970E5E25}.Release|ARM.ActiveCfg = Release|Win32
		{3B1B1F9F-C97F-4835-9908-AC9C970E5E25}.Release|x64.ActiveCfg = Release|x64
		{3B1B1F9F-C97F-4835-9908-AC9C970E5E25}.Release|x64.Build.0 = Release|x64
		{3B1B1F9F-C97F-4835-9908-AC9C970E5E25}.Release|x86.ActiveCfg = Release|Win32
		{3B1B1F9F-C97F-4835-9908-AC9C970E5E25}.Release|x86.Build.0 = Release|Win32
		{8AECC889-8D7B-49E0-AEB0-80954286DC6C}.Debug|ARM.ActiveCfg = Debug|Win32
		{8AECC889-8D7B-49E0-AEB0-80954286DC6C}.Debug|x64.ActiveCfg = Debug|x64
		{8AECC889-8D7B-49E0-AEB0-80954286DC6C}.Debug|x64.Build.0 = Debug|x64
		{8AECC889-8D7B-49E0-AEB0-80954286DC6C}.Debug|x86.ActiveCfg = Debug|Win32
		{8AECC889-8D7B-49E0-AEB0-80954286DC6C}.Debug|x86.Build.0 = Debug|Win32
		{8AECC889-8D7B-49E0-AEB0-80954286DC6C}.Release|ARM.ActiveCfg = Release|Win32
		{8AECC889-8D7B-49E0-AEB0-80954286DC6C}.Release|x64.ActiveCfg = Release|x64
		{8AECC889-8D7B-49E0-AEB0-80954286DC6C}.Release|x64.Build.0 = Release|x64
		{8AECC889-8D7B-49E0-AEB0-80954286DC6C}.Release|x86.ActiveCfg = Release|Win32
		{8AECC889-8D7B-49E0-AEB0-80954286DC6C}.Release|x86.Build.0 = Release|Win32
		{429826E9-FDAA-4081-964B-34058652AA83}.Debug|ARM.ActiveCfg = Debug|Win32
		{429826E9-FDAA-4081-964B-34058652AA83}.Debug|x64.ActiveCfg = Debug|x64
		{429826E9-FDAA-4081-964B-34058652AA83}.Debug|x64.Build.0 = Debug|x64
		{429826E9-FDAA-4081-964B-34058652AA83}.Debug|x86.ActiveCfg = Debug|Win32
		{429826E9-FDAA-4081-964B-34058652AA83}.Debug|x86.Build.0 = Debug|Win32
		{429826E9-FDAA-4081-964B-34058652AA83}.Release|ARM.ActiveCfg = Release|Win32
		{429826E9-FDAA-4081-964B-34058652AA83}.Release|x64.ActiveCfg = Release|x64
		{429826E9-FDAA-4081-964B-34058652AA83}.Release|x64.Build.0 = Release|x64
		{429826E9-FDAA-4081-964B-34058652AA83}.Release|x86.ActiveCfg = Release|Win32
		{429826E9-FDAA-4081-964B-34058652AA83}.Release|x86.Build.0 = Release|Win32
		{9E62047E-CE0D-4D9B-B8CE-FC584D95C569}.Debug|ARM.ActiveCfg = Debug|Win32
		{9E62047E-CE0D-4D9B-B8CE-FC584D95C569}.Debug|x64.ActiveCfg = Debug|x64
		{9E62047E-CE0D-4D9B-B8CE-FC584D95C569}.Debug|x64.Build.0 = Debug|x64
		{9E62047E-CE0D-4D9B-B8CE-FC584D95C569}.Debug|x86.ActiveCfg = Debug|Win32
		{9E62047E-CE0D-4D9B-B8CE-FC584D95C569}.Debug|x86.Build.0 = Debug|Win32
		{9E62047E-CE0D-4D9B-B8CE-FC584D95C569}.Release|ARM.ActiveCfg = Release|Win32
		{9E62047E-CE0D-4D9B-B8CE-FC584D95C569}.Release|x64.ActiveCfg = Release|x64
		{9E62047E-CE0D-4D9B-B8CE-FC584D95C569}.Release|x64.Build.0 = Release|x64
		{9E62047E-CE0D-4D9B-B8CE-FC584D95C569}.Release|x86.ActiveCfg = Release|Win32
		{9E62047E-CE0D-4D9B-B8CE-FC584D95C569}.Release|x86.Build.0 = Release|Win32
		{479A8C3A-27C5-4A6F-AF73-C0BDD4584BBA}.Debug|ARM.ActiveCfg = Debug|Win32
		{479A8C3A-27C5-4A6F-AF73-C0BDD4584BBA}.Debug|x64.ActiveCfg = Debug|x64
		{479A8C3A-27C5-4A6F-AF73-C0BDD4584BBA}.Debug|x64.Build.0 = Debug|x64
		{479A8C3A-27C5-4A6F-AF73-C0BDD4584BBA}.Debug|x86.ActiveCfg = Debug|Win32
		{479A8C3A-27C5-4A6F-AF73-C0BDD4584BBA}.Debug|x86.Build.0 = Debug|Win32
		{479A8C3A-27C5-4A6F-AF73-C0BDD4584BBA}.Release|ARM.ActiveCfg = Release|Win32
		{479A8C3A-27C5-4A6F-AF73-C0BDD4584BBA}.Release|x64.ActiveCfg = Release|x64
		{479A8C3A-27C5-4A6F-AF73-C0BDD4584BBA}.Release|x64.Build.0 = Release|x64
		{479A8C3A-27C5-4A6F-AF73-C0BDD4584BBA}.Release|x86.ActiveCfg = Release|Win32
		{479A8C3A-27C5-4A6F-AF73-C0BDD4584BBA}.Release|x86.Build.0 = Release|Win32
		{3C63EFE2-604A-4C26-8E7E-3F2BAACC6950}.Debug|ARM.ActiveCfg = Debug|Win32
		{3C63EFE2-604A-4C26-8E7E-3F2BAACC6950}.Debug|x64.ActiveCfg = Debug|x64
		{3C63EFE2-604A-4C26-8E7E-3F2BAACC6950}.Debug|x64.Build.0 = Debug|x64
		{3C63EFE2-604A-4C26-8E7E-3F2BAACC6950}.Debug|x86.ActiveCfg = Debug|Win32
		{3C63EFE2-604A-4C26-8E7E-3F2BAACC6950}.Debug|x86.Build.0 = Debug|Win32
		{3C63EFE2-604A-4C26-8E7E-3F2BAACC6950}.Release|ARM.ActiveCfg = Release|Win32
		{3C63EFE2-604A-4C26-8E7E-3F2BAACC6950}.Release|x64.ActiveCfg = Release|x64
		{3C63EFE2-604A-4C26-8E7E-3F2BAACC6950}.Release|x64.Build.0 = Release|x64
		{3C63EFE2-604A-4C26-8E7E-3F2BAACC6950}.Release|x86.ActiveCfg = Release|Win32
		{3C63EFE2-604A-4C26-8E7E-3F2BAACC6950}.Release|x86.Build.0 = Release|Win32
		{BF80E03C-ED86-4377-A629-8AF0DA2E56C1}.Debug|ARM.ActiveCfg = Debug|Win32
		{BF80E03C-ED86-4377-A629-8AF0DA2E56C1}.Debug|x64.ActiveCfg = Debug|x64
		{BF80E03C-ED86-4377-A629-8AF0DA2E56C1}.Debug|x64.Build.0 = Debug|x64
		{BF80E03C-ED86-4377-A629-8AF0DA2E56C1}.Debug|x86.ActiveCfg = Debug|Win32
		{BF80E03C-ED86-4377-A629-8AF0DA2E56C1}.Debug|x86.Build.0 = Debug|Win32
		{BF80E03C-ED86-4377-A629-8AF0DA2E56C1}.Release|ARM.ActiveCfg = Release|Win32
		{BF80E03C-ED86-4377-A629-8AF0DA2E56C1}.Release|x64.ActiveCfg = Release|x64
		{BF80E03C-ED86-4377-A629-8AF0DA2E56C1}.Release|x64.Build.0 = Release|x64
		{BF80E03C-ED86-4377-A629-8AF0DA2E56C1}.Release|x86.ActiveCfg = Release|Win32
		{BF80E03C-ED86-4377-A629-8AF0DA2E56C1}.Release|x86.Build.0 = Release|Win32
		{28D00AF6-8C56-48B7-8D6B-AA3D5B3C2837}.Debug|ARM.ActiveCfg = Debug|Win32
		{28D00AF6-8C56-48B7-8D6B-AA3D5B3C2837}.Debug|x64.ActiveCfg = Debug|x64
		{28D00AF6-8C56-48B7-8D6B-AA3D5B3C2837}.Debug|x64.Build.0 = Debug|x64
		{28D00AF6-8C56-48B7-8D6B-AA3D5B3C2837}.Debug|x86.ActiveCfg = Debug|Win32
		{28D00AF6-8C56-48B7-8D6B-AA3D5B3C2837}.Debug|x86.Build.0 = Debug|Win32
		{28D00AF6-8C56-48B7-8D6B-AA3D5B3C2837}.Release|ARM.ActiveCfg = Release|Win32
		{28D00AF6-8C56-48B7-8D6B-AA3D5B3C2837}.Release|x64.ActiveCfg = Release|x64
		{28D00AF6-8C56-48B7-8D6B-AA3D5B3C2837}.Release|x64.Build.0 = Release|x64
		{28D00AF6-8C56-48B7-8D6B-AA3D5B3C2837}.Release|x86.ActiveCfg = Release|Win32
		{28D00AF6-8C56-48B7-8D6B-AA3D5B3C2837}.Release|x86.Build.0 = Release|Win32
		{A7B10713-09E4-4816-9CD9-A05F1C26FD1C}.Debug|ARM.ActiveCfg = Debug|Win32
		{A7B10713-09E4-4816-9CD9-A05F1C26FD1C}.Debug|x64.ActiveCfg = Debug|x64
		{A7B10713-09E4-4816-9CD9-A05F1C26FD1C}.Debug|x64.Build.0 = Debug|x64
		{A7B10713-09E4-4816-9CD9-A05F1C26FD1C}.Debug|x86.ActiveCfg = Debug|Win32
		{A7B10713-09E4-4816-9CD9-A05F1C26FD1C}.Debug|x86.Build.0 = Debug|Win32
		{A7B10713-09E4-4816-9CD9-A05F1C26FD1C}.Release|ARM.ActiveCfg = Release|Win32
		{A7B10713-09E4-4816-9CD9-A05F1C26FD1C}.Release|x64.ActiveCfg = Release|x64
		{A7B10713-09E4-4816-9CD9-A05F1C26FD1C}.Release|x64.Build.0 = Release|x64
		{A7B10713-09E4-4816-9CD9-A05F1C26FD1C}.Release|x86.ActiveCfg = Release|Win32
		{A7B10713-09E4-4816-9CD9-A05F1C26FD1C}.Release|x86.Build.0 = Release|Win32
		{3BB0C165-CB22-4D8B-B9AF-8DA4F7D41594}.Debug|ARM.ActiveCfg = Debug|Win32
		{3BB0C165-CB22-4D8B-B9AF-8DA4F7D41594}.Debug|x64.ActiveCfg = Debug|x64
		{3BB0C165-CB22-4D8B-B9AF-8DA4F7D41594}.Debug|x64.Build.0 = Debug|x64
		{3BB0C165-CB22-4D8B-B9AF-8DA4F7D41594}.Debug|x86.ActiveCfg = Debug|Win32
		{3BB0C165-CB22-4D8B-B9AF-8DA4F7D41594}.Debug|x86.Build.0 = Debug|Win32
		{3BB0C165-CB22-4D8B-B9AF-8DA4F7D41594}.Release|ARM.ActiveCfg = Release|Win32
		{3BB0C165-CB22-4D8B-B9AF-8DA4F7D41594}.Release|x64.ActiveCfg = Release|x64
		{3BB0C165-CB22-4D8B-B9AF-8DA4F7D41594}.Release|x64.Build.0 = Release|x64
		{3BB0C165-CB22-4D8B-B9AF-8DA4F7D41594}.Release|x86.ActiveCfg = Release|Win32
		{3BB0C165-CB22-4D8B-B9AF-8DA4F7D41594}.Release|x86.Build.0 = Release|Win32
		{E476C8D3-549A-4E33-9A3C-B898CAB15F1E}.Debug|ARM.ActiveCfg = Debug|Win32
		{E476C8D3-549A-4E33-9A3C-B898CAB15F1E}.Debug|x64.ActiveCfg = Debug|x64
		{E476C8D3-549A-4E33-9A3C-B898CAB15F1E}.Debug|x64.Build.0 = Debug|x64
		{E476C8D3-549A-4E33-9A3C-B898CAB15F1E}.Debug|x86.ActiveCfg = Debug|Win32
		{E476C8D3-549A-4E33-9A3C-B898CAB15F1E}.Debug|x86.Build.0 = Debug|Win32
		{E476C8D3-549A-4E33-9A3C-B898CAB15F1E}.Release|ARM.ActiveCfg = Release|Win32
		{E476C8D3-549A-4E33-9A3C-B898CAB15F1E}.Release|x64.ActiveCfg = Release|x64
		{E476C8D3-549A-4E33-9A3C-B898CAB15F1E}.Release|x64.Build.0 = Release|x64
		{E476C8D3-549A-4E33-9A3C-B898CAB15F1E}.Release|x86.ActiveCfg = Release|Win32
		{E476C8D3-549A-4E33-9A3C-B898CAB15F1E}.Release|x86.Build.0 = Release|Win32
		{A2A75DDB-E877-4257-86A8-998D19705BCC}.Debug|ARM.ActiveCfg = Debug|Win32
		{A2A75DDB-E877-4257-86A8-998D19705BCC}.Debug|x64.ActiveCfg = Debug|x64
		{A2A75DDB-E877-4257-86A8-998D19705BCC}.Debug|x64.Build.0 = Debug|x64
		{A2A75DDB-E877-4257-86A8-998D19705BCC}.Debug|x86.ActiveCfg = Debug|Win32
		{A2A75DDB-E877-4257-86A8-998D19705BCC}.Debug|x86.Build.0 = Debug|Win32
		{A2A75DDB-E877-4257-86A8-998D19705BCC}.Release|ARM.ActiveCfg = Release|Win32
		{A2A75DDB-E877-4257-86A8-998D19705BCC}.Release|x64.ActiveCfg = Release|x64
		{A2A75DDB-E877-4257-86A8-998D19705BCC}.Release|x64.Build.0 = Release|x64
		{A2A75DDB-E877-4257-86A8-998D19705BCC}.Release|x86.ActiveCfg = Release|Win32
		{A2A75DDB-E877-4257-86A8-998D19705BCC}.Release|x86.Build.0 = Release|Win32
		{9FE07AED-34EF-40C4-9BDA-CD6F0D2EB511}.Debug|ARM.ActiveCfg = Debug|Win32
		{9FE07AED-34EF-40C4-9BDA-CD6F0D2EB511}.Debug|x64.ActiveCfg = Debug|x64
		{9FE07AED-34EF-40C4-9BDA-CD6F0D2EB511}.Debug|x64.Build.0 = Debug|x64
		{9FE07AED-34EF-40C4-9BDA-CD6F0D2EB511}.Debug|x86.ActiveCfg = Debug|Win32
		{9FE07AED-34EF-40C4-9BDA-CD6F0D2EB511}.Debug|x86.Build.0 = Debug|Win32
		{9FE07AED-34EF-40C4-9BDA-CD6F0D2EB511}.Release|ARM.ActiveCfg = Release|Win32
		{9FE07AED-34EF-40C4-9BDA-CD6F0D2EB511}.Release|x64.ActiveCfg = Release|x64
		{9FE07AED-34EF-40C4-9BDA-CD6F0D2EB511}.Release|x64.Build.0 = Release|x64
		{9FE07AED-34EF-40C4-9BDA-CD6F0D2EB511}.Release|x86.ActiveCfg = Release|Win32
		{9FE07AED-34EF-40C4-9BDA-CD6F0D2EB511}.Release|x86.Build.0 = Release|Win32
		{AAA65103-344C-4B29-AF44-30C5E53A8F9A}.Debug|ARM.ActiveCfg = Debug|Win32
		{AAA65103-344C-4B29-AF44-30C5E53A8F9A}.Debug|x64.ActiveCfg = Debug|x64
		{AAA65103-344C-4B29-AF44-30C5E53A8F9A}.Debug|x64.Build.0 = Debug|x64
		{AAA65103-344C-4B29-AF44-30C5E53A8F9A}.Debug|x86.ActiveCfg = Debug|Win32
		{AAA65103-344C-4B29-AF44-30C5E53A8F9A}.Debug|x86.Build.0 = Debug|Win32
		{AAA65103-344C-4B29-AF44-30C5E53A8F9A}.Release|ARM.ActiveCfg = Release|Win32
		{AAA65103-344C-4B29-AF44-30C5E53A8F9A}.Release|x64.ActiveCfg = Release|x64
		{AAA65103-344C-4B29-AF44-30C5E53A8F9A}.Release|x64.Build.0 = Release|x64
		{AAA65103-344C-4B29-AF44-30C5E53A8F9A}.Release|x86.ActiveCfg = Release|Win32
		{AAA65103-344C-4B29-AF44-30C5E53A8F9A}.Release|x86.Build.0 = Release|Win32
		{6A045A0B-2AFC-4376-A998-D64F9E187600}.Debug|ARM.ActiveCfg = Debug|Win32
		{6A045A0B-2AFC-4376-A998-D64F9E187600}.Debug|x64.ActiveCfg = Debug|x64
		{6A045A0B-2AFC-4376-A998-D64F9E187600}.Debug|x64.Build.0 = Debug|x64
		{6A045A0B-2AFC-4376-A998-D64F9E187600}.Debug|x86.ActiveCfg = Debug|Win32
		{6A045A0B-2AFC-4376-A998-D64F9E187600}.Debug|x86.Build.0 = Debug|Win32
		{6A045A0B-2AFC-4376-A998-D64F9E187600}.Release|ARM.ActiveCfg = Release|Win32
		{6A045A0B-2AFC-4376-A998-D64F9E187600}.Release|x64.ActiveCfg = Release|x64
		{6A045A0B-2AFC-4376-A998-D64F9E187600}.Release|x64.Build.0 = Release|x64
		{6A045A0B-2AFC-4376-A998-D64F9E187600}.Release|x86.ActiveCfg = Release|Win32
		{6A045A0B-2AFC-4376-A998-D64F9E187600}.Release|x86.Build.0 = Release|Win32
		{365B381C-3E8E-4B1B-AF32-797886B8D839}.Debug|ARM.ActiveCfg = Debug|Win32
		{365B381C-3E8E-4B1B-AF32-797886B8D839}.Debug|x64.ActiveCfg = Debug|x64
		{365B381C-3E8E-4B1B-AF32-797886B8D839}.Debug|x64.Build.0 = Debug|x64
		{365B381C-3E8E-4B1B-AF32-797886B8D839}.Debug|x86.ActiveCfg = Debug|Win32
		{365B381C-3E8E-4B1B-AF32-797886B8D839}.Debug|x86.Build.0 = Debug|Win32
		{365B381C-3E8E-4B1B-AF32-797886B8D839}.Release|ARM.ActiveCfg = Release|Win32
		{365B381C-3E8E-4B1B-AF32-797886B8D839}.Release|x64.ActiveCfg = Release|x64
		{365B381C-3E8E-4B1B-AF32-797886B8D839}.Release|x64.Build.0 = Release|x64
		{365B381C-3E8E-4B1B-AF32-797886B8D839}.Release|x86.ActiveCfg = Release|Win32
		{365B381C-3E8E-4B1B-AF32-797886B8D839}.Release|x86.Build.0 = Release|Win32
		{ABF1844F-2F17-4A73-891E-6CC53E363574}.Debug|ARM.ActiveCfg = Debug|Win32
		{ABF1844F-2F17-4A73-891E-6CC53E363574}.Debug|x64.ActiveCfg = Debug|x64
		{ABF1844F-2F17-4A73-891E-6CC53E363574}.Debug|x64.Build.0 = Debug|x64
		{ABF1844F-2F17-4A73-891E-6CC53E363574}.Debug|x86.ActiveCfg = Debug|Win32
		{ABF1844F-2F17-4A73-891E-6CC53E363574}.Debug|x86.Build.0 = Debug|Win32
		{ABF1844F-2F17-4A73-891E-6CC53E363574}.Release|ARM.ActiveCfg = Release|Win32
		{ABF1844F-2F17-4A73-891E-6CC53E363574}.Release|x64.ActiveCfg = Release|x64
		{ABF1844F-2F17-4A73-891E-6CC53E363574}.Release|x64.Build.0 = Release|x64
		{ABF1844F-2F17-4A73-891E-6CC53E363574}.Release|x86.ActiveCfg = Release|Win32
		{ABF1844F-2F17-4A73-891E-6CC53E363574}.Release|x86.Build.0 = Release|Win32
		{C06F1CE1-ACA7-4A82-B93A-14372316A42C}.Debug|ARM.ActiveCfg = Debug|Win32
		{C06F1CE1-ACA7-4A82-B93A-14372316A42C}.Debug|x64.ActiveCfg = Debug|x64
		{C06F1CE1-ACA7-4A82-B93A-14372316A42C}.Debug|x64.Build.0 = Debug|x64
		{C06F1CE1-ACA7-4A82-B93A-14372316A42C}.Debug|x86.ActiveCfg = Debug|Win32
		{C06F1CE1-ACA7-4A82-B93A-14372316A42C}.Debug|x86.Build.0 = Debug|Win32
		{C06F1CE1-ACA7-4A82-B93A-14372316A42C}.Release|ARM.ActiveCfg = Release|Win32
		{C06F1CE1-ACA7-4A82-B93A-14372316A42C}.Release|x64.ActiveCfg = Release|x64
		{C06F1CE1-ACA7-4A82-B93A-14372316A42C}.Release|x64.Build.0 = Release|x64
		{C06F1CE1-ACA7-4A82-B93A-14372316A42C}.Release|x86.ActiveCfg = Release|Win32
		{C06F1CE1-ACA7-4A82-B93A-14372316A42C}.Release|x86.Build.0 = Release|Win32
		{B5E6A217-7A1F-41F4-8963-6C2BA40FFD15}.Debug|ARM.ActiveCfg = Debug|Win32
		{B5E6A217-7A1F-41F4-8963-6C2BA40FFD15}.Debug|x64.ActiveCfg = Debug|x64
		{B5E6A217-7A1F-41F4-8963-6C2BA40FFD15}.Debug|x64.Build.0 = Debug|x64
		{B5E6A217-7A1F-41F4-8963-6C2BA40FFD15}.Debug|x86.ActiveCfg = Debug|Win32
		{B5E6A217-7A1F-41F4-8963-6C2BA40FFD15}.Debug|x86.Build.0 = Debug|Win32
		{B5E6A217-7A1F-41F4-8963-6C2BA40FFD15}.Release|ARM.ActiveCfg = Release|Win32
		{B5E6A217-7A1F-41F4-8963-6C2BA40FFD15}.Release|x64.ActiveCfg = Release|x64
		{B5E6A217-7A1F-41F4-8963-6C2BA40FFD15}.Release|x64.Build.0 = Release|x64
		{B5E6A217-7A1F-41F4-8963-6C2BA40FFD15}.Release|x86.ActiveCfg = Release|Win32
		{B5E6A217-7A1F-41F4-8963-6C2BA40FFD15}.Release|x86.Build.0 = Release|Win32
		{C4BC5017-ADE4-4EED-B515-C827D0FEF79A}.Debug|ARM.ActiveCfg = Debug|Win32
		{C4BC5017-ADE4-4EED-B515-C827D0FEF79A}.Debug|x64.ActiveCfg = Debug|x64
		{C4BC5017-ADE4-4EED-B515-C827D0FEF79A}.Debug|x64.Build.0 = Debug|x64
		{C4BC5017-ADE4-4EED-B515-C827D0FEF79A}.Debug|x86.ActiveCfg = Debug|Win32
		{C4BC5017-ADE4-4EED-B515-C827D0FEF79A}.Debug|x86.Build.0 = Debug|Win32
		{C4BC5017-ADE4-4EED-B515-C827D0FEF79A}.Release|ARM.ActiveCfg = Release|Win32
		{C4BC5017-ADE4-4EED-B515-C827D0FEF79A}.Release|x64.ActiveCfg = Release|x64
		{C4BC5017-ADE4-4EED-B515-C827D0FEF79A}.Release|x64.Build.0 = Release|x64
		{C4BC5017-ADE4-4EED-B515-C827D0FEF79A}.Release|x86.ActiveCfg = Release|Win32
		{C4BC5017-ADE4-4EED-B515-C827D0FEF79A}.Release|x86.Build.0 = Release|Win32
		{C4D50119-0DA3-40CC-96F3-D830F8FC5881}.Debug|ARM.ActiveCfg = Debug|Win32
		{C4D50119-0DA3-40CC-96F3-D830F8FC5881}.Debug|x64.ActiveCfg = Debug|x64
		{C4D50119-0DA3-40CC-96F3-D830F8FC5881}.Debug|x64.Build.0 = Debug|x64
		{C4D50119-0DA3-40CC-96F3-D830F8FC5881}.Debug|x86.ActiveCfg = Debug|Win32
		{C4D50119-0DA3-40CC-96F3-D830F8FC5881}.Debug|x86.Build.0 = Debug|Win32
		{C4D50119-0DA3-40CC-96F3-D830F8FC5881}.Release|ARM.ActiveCfg = Release|Win32
		{C4D50119-0DA3-40CC-96F3-D830F8FC5881}.Release|x64.ActiveCfg = Release|x64
		{C4D50119-0DA3-40CC-96F3-D830F8FC5881}.Release|x64.Build.0 = Release|x64
		{C4D50119-0DA3-40CC-96F3-D830F8FC5881}.Release|x86.ActiveCfg = Release|Win32
		{C4D50119-0DA3-40CC-96F3-D830F8FC5881}.Release|x86.Build.0 = Release|Win32
		{31A2F6B1-5D1C-4F27-9001-06F4C397FEBC}.Debug|ARM.ActiveCfg = Debug|Win32
		{31A2F6B1-5D1C-4F27-9001-06F4C397FEBC}.Debug|x64.ActiveCfg = Debug|x64
		{31A2F6B1-5D1C-4F27-9001-06F4C397FEBC}.Debug|x64.Build.0 = Debug|x64
		{31A2F6B1-5D1C-4F27-9001-06F4C397FEBC}.Debug|x86.ActiveCfg = Debug|Win32
		{31A2F6B1-5D1C-4F27-9001-06F4C397FEBC}.Debug|x86.Build.0 = Debug|Win32
		{31A2F6B1-5D1C-4F27-9001-06F4C397FEBC}.Release|ARM.ActiveCfg = Release|Win32
		{31A2F6B1-5D1C-4F27-9001-06F4C397FEBC}.Release|x64.ActiveCfg = Release|x64
		{31A2F6B1-5D1C-4F27-9001-06F4C397FEBC}.Release|x64.Build.0 = Release|x64
		{31A2F6B1-5D1C-4F27-9001-06F4C397FEBC}.Release|x86.ActiveCfg = Release|Win32
		{31A2F6B1-5D1C-4F27-9001-06F4C397FEBC}.Release|x86.Build.0 = Release|Win32
		{0659ADD9-16CA-4DC9-86AD-A63519FCA3DE}.Debug|ARM.ActiveCfg = Debug|Win32
		{0659ADD9-16CA-4DC9-86AD-A63519FCA3DE}.Debug|x64.ActiveCfg = Debug|x64
		{0659ADD9-16CA-4DC9-86AD-A63519FCA3DE}.Debug|x64.Build.0 = Debug|x64
		{0659ADD9-16CA-4DC9-86AD-A63519FCA3DE}.Debug|x86.ActiveCfg = Debug|Win32
		{0659ADD9-16CA-4DC9-86AD-A63519FCA3DE}.Debug|x86.Build.0 = Debug|Win32
		{0659ADD9-16CA-4DC9-86AD-A63519FCA3DE}.Release|ARM.ActiveCfg = Release|Win32
		{0659ADD9-16CA-4DC9-86AD-A63519FCA3DE}.Release|x64.ActiveCfg = Release|x64
		{0659ADD9-16CA-4DC9-86AD-A63519FCA3DE}.Release|x64.Build.0 = Release|x64
		{0659ADD9-16CA-4DC9-86AD-A63519FCA3DE}.Release|x86.ActiveCfg = Release|Win32
		{0659ADD9-16CA-4DC9-86AD-A63519FCA3DE}.Release|x86.Build.0 = Release|Win32
		{53817EE0-F16C-4A0E-B088-C3777CA43A73}.Debug|ARM.ActiveCfg = Debug|Win32
		{53817EE0-F16C-4A0E-B088-C3777CA43A73}.Debug|x64.ActiveCfg = Debug|x64
		{53817EE0-F16C-4A0E-B088-C3777CA43A73}.Debug|x64.Build.0 = Debug|x64
		{53817EE0-F16C-4A0E-B088-C3777CA43A73}.Debug|x86.ActiveCfg = Debug|Win32
		{53817EE0-F16C-4A0E-B088-C3777CA43A73}.Debug|x86.Build.0 = Debug|Win32
		{53817EE0-F16C-4A0E-B088-C3777CA43A73}.Release|ARM.ActiveCfg = Release|Win32
		{53817EE0-F16C-4A0E-B088-C3777CA43A73}.Release|x64.ActiveCfg = Release|x64
		{53817EE0-F16C-4A0E-B088-C3777CA43A73}.Release|x64.Build.0 = Release|x64
		{53817EE0-F16C-4A0E-B088-C3777CA43A73}.Release|x86.ActiveCfg = Release|Win32
		{53817EE0-F16C-4A0E-B088-C3777CA43A73}.Release|x86.Build.0 = Release|Win32
		{F553C0F2-9BEF-4EF8-BE95-651F17B3FB81}.Debug|ARM.ActiveCfg = Debug|Win32
		{F553C0F2-9BEF-4EF8-BE95-651F17B3FB81}.Debug|x64.ActiveCfg = Debug|x64
		{F553C0F2-9BEF-4EF8-BE95-651F17B3FB81}.Debug|x64.Build.0 = Debug|x64
		{F553C0F2-9BEF-4EF8-BE95-651F17B3FB81}.Debug|x86.ActiveCfg = Debug|Win32
		{F553C0F2-9BEF-4EF8-BE95-651F17B3FB81}.Debug|x86.Build.0 = Debug|Win32
		{F553C0F2-9BEF-4EF8-BE95-651F17B3FB81}.Release|ARM.ActiveCfg = Release|Win32
		{F553C0F2-9BEF-4EF8-BE95-651F17B3FB81}.Release|x64.ActiveCfg = Release|x64
		{F553C0F2-9BEF-4EF8-BE95-651F17B3FB81}.Release|x64.Build.0 = Release|x64
		{F553C0F2-9BEF-4EF8-BE95-651F17B3FB81}.Release|x86.ActiveCfg = Release|Win32
		{F553C0F2-9BEF-4EF8-BE95-651F17B3FB81}.Release|x86.Build.0 = Release|Win32
		{6F1F36DC-3FE0-445F-BA24-FB7590C5FA00}.Debug|ARM.ActiveCfg = Debug|Win32
		{6F1F36DC-3FE0-445F-BA24-FB7590C5FA00}.Debug|x64.ActiveCfg = Debug|x64
		{6F1F36DC-3FE0-445F-BA24-FB7590C5FA00}.Debug|x64.Build.0 = Debug|x64
		{6F1F36DC-3FE0-445F-BA24-FB7590C5FA00}.Debug|x86.ActiveCfg = Debug|Win32
		{6F1F36DC-3FE0-445F-BA24-FB7590C5FA00}.Debug|x86.Build.0 = Debug|Win32
		{6F1F36DC-3FE0-445F-BA24-FB7590C5FA00}.Release|ARM.ActiveCfg = Release|Win32
		{6F1F36DC-3FE0-445F-BA24-FB7590C5FA00}.Release|x64.ActiveCfg = Release|x64
		{6F1F36DC-3FE0-445F-BA24-FB7590C5FA00}.Release|x64.Build.0 = Release|x64
		{6F1F36DC-3FE0-445F-BA24-FB7590C5FA00}.Release|x86.ActiveCfg = Release|Win32
		{6F1F36DC-3FE0-445F-BA24-FB7590C5FA00}.Release|x86.Build.0 = Release|Win32
		{BD903E31-8D89-453C-952F-4494FDBE3A01}.Debug|ARM.ActiveCfg = Debug|Win32
		{BD903E31-8D89-453C-952F-4494FDBE3A01}.Debug|x64.ActiveCfg = Debug|x64
		{BD903E31-8D89-453C-952F-4494FDBE3A01}.Debug|x64.Build.0 = Debug|x64
		{BD903E31-8D89-453C-952F-4494FDBE3A01}.Debug|x86.ActiveCfg = Debug|Win32
		{BD903E31-8D89-453C-952F-4494FDBE3A01}.Debug|x86.Build.0 = Debug|Win32
		{BD903E31-8D89-453C-952F-4494FDBE3A01}.Release|ARM.ActiveCfg = Release|Win32
		{BD903E31-8D89-453C-952F-4494FDBE3A01}.Release|x64.ActiveCfg = Release|x64
		{BD903E31-8D89-453C-952F-4494FDBE3A01}.Release|x64.Build.0 = Release|x64
		{BD903E31-8D89-453C-952F-4494FDBE3A01}.Release|x86.ActiveCfg = Release|Win32
		{BD903E31-8D89-453C-952F-4494FDBE3A01}.Release|x86.Build.0 = Release|Win32
		{CE44E6C5-7AAA-4B3F-8033-0B230D5C4AB4}.Debug|ARM.ActiveCfg = Debug|Win32
		{CE44E6C5-7AAA-4B3F-8033-0B230D5C4AB4}.Debug|x64.ActiveCfg = Debug|x64
		{CE44E6C5-7AAA-4B3F-8033-0B230D5C4AB4}.Debug|x64.Build.0 = Debug|x64
		{CE44E6C5-7AAA-4B3F-8033-0B230D5C4AB4}.Debug|x86.ActiveCfg = Debug|Win32
		{CE44E6C5-7AAA-4B3F-8033-0B230D5C4AB4}.Debug|x86.Build.0 = Debug|Win32
		{CE44E6C5-7AAA-4B3F-8033-0B230D5C4AB4}.Release|ARM.ActiveCfg = Release|Win32
		{CE44E6C5-7AAA-4B3F-8033-0B230D5C4AB4}.Release|x64.ActiveCfg = Release|x64
		{CE44E6C5-7AAA-4B3F-8033-0B230D5C4AB4}.Release|x64.Build.0 = Release|x64
		{CE44E6C5-7AAA-4B3F-8033-0B230D5C4AB4}.Release|x86.ActiveCfg = Release|Win32
		{CE44E6C5-7AAA-4B3F-8033-0B230D5C4AB4}.Release|x86.Build.0 = Release|Win32
		{D9F7E80F-5BE7-41AF-AB52-3DFB99082CD0}.Debug|ARM.ActiveCfg = Debug|Win32
		{D9F7E80F-5BE7-41AF-AB52-3DFB99082CD0}.Debug|x64.ActiveCfg = Debug|x64
		{D9F7E80F-5BE7-41AF-AB52-3DFB99082CD0}.Debug|x64.Build.0 = Debug|x64
		{D9F7E80F-5BE7-41AF-AB52-3DFB99082CD0}.Debug|x86.ActiveCfg = Debug|Win32
		{D9F7E80F-5BE7-41AF-AB52-3DFB99082CD0}.Debug|x86.Build.0 = Debug|Win32
		{D9F7E80F-5BE7-41AF-AB52-3DFB99082CD0}.Release|ARM.ActiveCfg = Release|Win32
		{D9F7E80F-5BE7-41AF-AB52-3DFB99082CD0}.Release|x64.ActiveCfg = Release|x64
		{D9F7E80F-5BE7-41AF-AB52-3DFB99082CD0}.Release|x64.Build.0 = Release|x64
		{D9F7E80F-5BE7-41AF-AB52-3DFB99082CD0}.Release|x86.ActiveCfg = Release|Win32
		{D9F7E80F-5BE7-41AF-AB52-3DFB99082CD0}.Release|x86.Build.0 = Release|Win32
		{40CAF91A-F25C-4B7E-A34A-FD6D7E26E283}.Debug|ARM.ActiveCfg = Debug|Win32
		{40CAF91A-F25C-4B7E-A34A-FD6D7E26E283}.Debug|x64.ActiveCfg = Debug|x64
		{40CAF91A-F25C-4B7E-A34A-FD6D7E26E283}.Debug|x64.Build.0 = Debug|x64
		{40CAF91A-F25C-4B7E-A34A-FD6D7E26E283}.Debug|x86.ActiveCfg = Debug|Win32
		{40CAF91A-F25C-4B7E-A34A-FD6D7E26E283}.Debug|x86.Build.0 = Debug|Win32
		{40CAF91A-F25C-4B7E-A34A-FD6D7E26E283}.Release|ARM.ActiveCfg = Release|Win32
		{40CAF91A-F25C-4B7E-A34A-FD6D7E26E283}.Release|x64.ActiveCfg = Release|x64
		{40CAF91A-F25C-4B7E-A34A-FD6D7E26E283}.Release|x64.Build.0 = Release|x64
		{40CAF91A-F25C-4B7E-A34A-FD6D7E26E283}.Release|x86.ActiveCfg = Release|Win32
		{40CAF91A-F25C-4B7E-A34A-FD6D7E26E283}.Release|x86.Build.0 = Release|Win32
		{AFC06D07-DE11-408A-A0BF-7EDE49A480CB}.Debug|ARM.ActiveCfg = Debug|Win32
		{AFC06D07-DE11-408A-A0BF-7EDE49A480CB}.Debug|x64.ActiveCfg = Debug|x64
		{AFC06D07-DE11-408A-A0BF-7EDE49A480CB}.Debug|x64.Build.0 = Debug|x64
		{AFC06D07-DE11-408A-A0BF-7EDE49A480CB}.Debug|x86.ActiveCfg = Debug|Win32
		{AFC06D07-DE11-408A-A0BF-7EDE49A480CB}.Debug|x86.Build.0 = Debug|Win32
		{AFC06D07-DE11-408A-A0BF-7EDE49A480CB}.Release|ARM.ActiveCfg = Release|Win32
		{AFC06D07-DE11-408A-A0BF-7EDE49A480CB}.Release|x64.ActiveCfg = Release|x64
		{AFC06D07-DE11-408A-A0BF-7EDE49A480CB}.Release|x64.Build.0 = Release|x64
		{AFC06D07-DE11-408A-A0BF-7EDE49A480CB}.Release|x86.ActiveCfg = Release|Win32
		{AFC06D07-DE11-408A-A0BF-7EDE49A480CB}.Release|x86.Build.0 = Release|Win32
		{2FCD6AD6-7E70-42D6-889D-3F83EBEE16AD}.Debug|ARM.ActiveCfg = Debug|Win32
		{2FCD6AD6-7E70-42D6-889D-3F83EBEE16AD}.Debug|x64.ActiveCfg = Debug|x64
		{2FCD6AD6-7E70-42D6-889D-3F83EBEE16AD}.Debug|x64.Build.0 = Debug|x64
		{2FCD6AD6-7E70-42D6-889D-3F83EBEE16AD}.Debug|x86.ActiveCfg = Debug|Win32
		{2FCD6AD6-7E70-42D6-889D-3F83EBEE16AD}.Debug|x86.Build.0 = Debug|Win32
		{2FCD6AD6-7E70-42D6-889D-3F83EBEE16AD}.Release|ARM.ActiveCfg = Release|Win32
		{2FCD6AD6-7E70-42D6-889D-3F83EBEE16AD}.Release|x64.ActiveCfg = Release|x64
		{2FCD6AD6-7E70-42D6-889D-3F83EBEE16AD}.Release|x64.Build.0 = Release|x64
		{2FCD6AD6-7E70-42D6-889D-3F83EBEE16AD}.Release|x86.ActiveCfg = Release|Win32
		{2FCD6AD6-7E70-42D6-889D-3F83EBEE16AD}.Release|x86.Build.0 = Release|Win32
		{CD471A23-4EC4-44A0-A30F-7B02901C424D}.Debug|ARM.ActiveCfg = Debug|Win32
		{CD471A23-4EC4-44A0-A30F-7B02901C424D}.Debug|x64.ActiveCfg = Debug|x64
		{CD471A23-4EC4-44A0-A30F-7B02901C424D}.Debug|x64.Build.0 = Debug|x64
		{CD471A23-4EC4-44A0-A30F-7B02901C424D}.Debug|x86.ActiveCfg = Debug|Win32
		{CD471A23-4EC4-44A0-A30F-7B02901C424D}.Debug|x86.Build.0 = Debug|Win32
		{CD471A23-4EC4-44A0-A30F-7B02901C424D}.Release|ARM.ActiveCfg = Release|Win32
		{CD471A23-4EC4-44A0-A30F-7B02901C424D}.Release|x64.ActiveCfg = Release|x64
		{CD471A23-4EC4-44A0-A30F-7B02901C424D}.Release|x64.Build.0 = Release|x64
		{CD471A23-4EC4-44A0-A30F-7B02901C424D}.Release|x86.ActiveCfg = Release|Win32
		{CD471A23-4EC4-44A0-A30F-7B02901C424D}.Release|x86.Build.0 = Release|Win32
		{240A12C2-4640-4192-81CF-0E275B32D978}.Debug|ARM.ActiveCfg = Debug|Win32
		{240A12C2-4640-4192-81CF-0E275B32D978}.Debug|x64.ActiveCfg = Debug|x64
		{240A12C2-4640-4192-81CF-0E275B32D978}.Debug|x64.Build.0 = Debug|x64
		{240A12C2-4640-4192-81CF-0E275B32D978}.Debug|x86.ActiveCfg = Debug|Win32
		{240A12C2-4640-4192-81CF-0E275B32D978}.Debug|x86.Build.0 = Debug|Win32
		{240A12C2-4640-4192-81CF-0E275B32D978}.Release|ARM.ActiveCfg = Release|Win32
		{240A12C2-4640-4192-81CF-0E275B32D978}.Release|x64.ActiveCfg = Release|x64
		{240A12C2-4640-4192-81CF-0E275B32D978}.Release|x64.Build.0 = Release|x64
		{240A12C2-4640-4192-81CF-0E275B32D978}.Release|x86.ActiveCfg = Release|Win32
		{240A12C2-4640-4192-81CF-0E275B32D978}.Release|x86.Build.0 = Release|Win32
		{4F553475-FE78-4FE3-BCAB-C9D924A1B388}.Debug|ARM.ActiveCfg = Debug|Win32
		{4F553475-FE78-4FE3-BCAB-C9D924A1B388}.Debug|x64.ActiveCfg = Debug|x64
		{4F553475-FE78-4FE3-BCAB-C9D924A1B388}.Debug|x64.Build.0 = Debug|x64
		{4F553475-FE78-4FE3-BCAB-C9D924A1B388}.Debug|x86.ActiveCfg = Debug|Win32
		{4F553475-FE78-4FE3-BCAB-C9D924A1B388}.Debug|x86.Build.0 = Debug|Win32
		{4F553475-FE78-4FE3-BCAB-C9D924A1B388}.Release|ARM.ActiveCfg = Release|Win32
		{4F553475-FE78-4FE3-BCAB-C9D924A1B388}.Release|x64.ActiveCfg = Release|x64
		{4F553475-FE78-4FE3-BCAB-C9D924A1B388}.Release|x64.Build.0 = Release|x64
		{4F553475-FE78-4FE3-BCAB-C9D924A1B388}.Release|x86.ActiveCfg = Release|Win32
		{4F553475-FE78-4FE3-BCAB-C9D924A1B388}.Release|x86.Build.0 = Release|Win32
		{5ED30B70-D666-49F0-8585-06C7A66A3C04}.Debug|ARM.ActiveCfg = Debug|Win32
		{5ED30B70-D666-49F0-8585-06C7A66A3C04}.Debug|x64.ActiveCfg = Debug|x64
		{5ED30B70-D666-49F0-8585-06C7A66A3C04}.Debug|x64.Build.0 = Debug|x64
		{5ED30B70-D666-49F0-8585-06C7A66A3C04}.Debug|x86.ActiveCfg = Debug|Win32
		{5ED30B70-D666-49F0-8585-06C7A66A3C04}.Debug|x86.Build.0 = Debug|Win32
		{5ED30B70-D666-49F0-8585-06C7A66A3C04}.Release|ARM.ActiveCfg = Release|Win32
		{5ED30B70-D666-49F0-8585-06C7A66A3C04}.Release|x64.ActiveCfg = Release|x64
		{5ED30B70-D666-49F0-8585-06C7A66A3C04}.Release|x64.Build.0 = Release|x64
		{5ED30B70-D666-49F0-8585-06C7A66A3C04}.Release|x86.ActiveCfg = Release|Win32
		{5ED30B70-D666-49F0-8585-06C7A66A3C04}.Release|x86.Build.0 = Release|Win32
		{4FCD272C-77A4-404E-BBAC-A67FE1C03D58}.Debug|ARM.ActiveCfg = Debug|Win32
		{4FCD272C-77A4-404E-BBAC-A67FE1C03D58}.Debug|x64.ActiveCfg = Debug|x64
		{4FCD272C-77A4-404E-BBAC-A67FE1C03D58}.Debug|x64.Build.0 = Debug|x64
		{4FCD272C-77A4-404E-BBAC-A67FE1C03D58}.Debug|x86.ActiveCfg = Debug|Win32
		{4FCD272C-77A4-404E-BBAC-A67FE1C03D58}.Debug|x86.Build.0 = Debug|Win32
		{4FCD272C-77A4-404E-BBAC-A67FE1C03D58}.Release|ARM.ActiveCfg = Release|Win32
		{4FCD272C-77A4-404E-BBAC-A67FE1C03D58}.Release|x64.ActiveCfg = Release|x64
		{4FCD272C-77A4-404E-BBAC-A67FE1C03D58}.Release|x64.Build.0 = Release|x64
		{4FCD272C-77A4-404E-BBAC-A67FE1C03D58}.Release|x86.ActiveCfg = Release|Win32
		{4FCD272C-77A4-404E-BBAC-A67FE1C03D58}.Release|x86.Build.0 = Release|Win32
		{B4127D0F-80E6-4776-AB58-823D09D848C8}.Debug|ARM.ActiveCfg = Debug|Win32
		{B4127D0F-80E6-4776-AB58-823D09D848C8}.Debug|x64.ActiveCfg = Debug|x64
		{B4127D0F-80E6-4776-AB58-823D09D848C8}.Debug|x64.Build.0 = Debug|x64
		{B4127D0F-80E6-4776-AB58-823D09D848C8}.Debug|x86.ActiveCfg = Debug|Win32
		{B4127D0F-80E6-4776-AB58-823D09D848C8}.Debug|x86.Build.0 = Debug|Win32
		{B4127D0F-80E6-4776-AB58-823D09D848C8}.Release|ARM.ActiveCfg = Release|Win32
		{B4127D0F-80E6-4776-AB58-823D09D848C8}.Release|x64.ActiveCfg = Release|x64
		{B4127D0F-80E6-4776-AB58-823D09D848C8}.Release|x64.Build.0 = Release|x64
		{B4127D0F-80E6-4776-AB58-823D09D848C8}.Release|x86.ActiveCfg = Release|Win32
		{B4127D0F-80E6-4776-AB58-823D09D848C8}.Release|x86.Build.0 = Release|Win32
		{2C491930-D400-44F6-9D9E-8D9EA244B450}.Debug|ARM.ActiveCfg = Debug|Win32
		{2C491930-D400-44F6-9D9E-8D9EA244B450}.Debug|x64.ActiveCfg = Debug|x64
		{2C491930-D400-44F6-9D9E-8D9EA244B450}.Debug|x64.Build.0 = Debug|x64
		{2C491930-D400-44F6-9D9E-8D9EA244B450}.Debug|x86.ActiveCfg = Debug|Win32
		{2C491930-D400-44F6-9D9E-8D9EA244B450}.Debug|x86.Build.0 = Debug|Win32
		{2C491930-D400-44F6-9D9E-8D9EA244B450}.Release|ARM.ActiveCfg = Release|Win32
		{2C491930-D400-44F6-9D9E-8D9EA244B450}.Release|x64.ActiveCfg = Release|x64
		{2C491930-D400-44F6-9D9E-8D9EA244B450}.Release|x64.Build.0 = Release|x64
		{2C491930-D400-44F6-9D9E-8D9EA244B450}.Release|x86.ActiveCfg = Release|Win32
		{2C491930-D400-44F6-9D9E-8D9EA244B450}.Release|x86.Build.0 = Release|Win32
		{9F6FF0E9-2F6B-41D3-85BD-8C22479EEA6F}.Debug|ARM.ActiveCfg = Debug|Win32
		{9F6FF0E9-2F6B-41D3-85BD-8C22479EEA6F}.Debug|x64.ActiveCfg = Debug|x64
		{9F6FF0E9-2F6B-41D3-85BD-8C22479EEA6F}.Debug|x64.Build.0 = Debug|x64
		{9F6FF0E9-2F6B-41D3-85BD-8C22479EEA6F}.Debug|x86.ActiveCfg = Debug|Win32
		{9F6FF0E9-2F6B-41D3-85BD-8C22479EEA6F}.Debug|x86.Build.0 = Debug|Win32
		{9F6FF0E9-2F6B-41D3-85BD-8C22479EEA6F}.Release|ARM.ActiveCfg = Release|Win32
		{9F6FF0E9-2F6B-41D3-85BD-8C22479EEA6F}.Release|x64.ActiveCfg = Release|x64
		{9F6FF0E9-2F6B-41D3-85BD-8C22479EEA6F}.Release|x64.Build.0 = Release|x64
		{9F6FF0E9-2F6B-41D3-85BD-8C22479EEA6F}.Release|x86.ActiveCfg = Release|Win32
		{9F6FF0E9-2F6B-41D3-85BD-8C22479EEA6F}.Release|x86.Build.0 = Release|Win32
		{CBE73632-6B6D-44BF-B8C0-A144B95F4BD7}.Debug|ARM.ActiveCfg = Debug|Win32
		{CBE73632-6B6D-44BF-B8C0-A144B95F4BD7}.Debug|x64.ActiveCfg = Debug|x64
		{CBE73632-6B6D-44BF-B8C0-A144B95F4BD7}.Debug|x64.Build.0 = Debug|x64
		{CBE73632-6B6D-44BF-B8C0-A144B95F4BD7}.Debug|x86.ActiveCfg = Debug|Win32
		{CBE73632-6B6D-44BF-B8C0-A144B95F4BD7}.Debug|x86.Build.0 = Debug|Win32
		{CBE73632-6B6D-44BF-B8C0-A144B95F4BD7}.Release|ARM.ActiveCfg = Release|Win32
		{CBE73632-6B6D-44BF-B8C0-A144B95F4BD7}.Release|x64.ActiveCfg = Release|x64
		{CBE73632-6B6D-44BF-B8C0-A144B95F4BD7}.Release|x64.Build.0 = Release|x64
		{CBE73632-6B6D-44BF-B8C0-A144B95F4BD7}.Release|x86.ActiveCfg = Release|Win32
		{CBE73632-6B6D-44BF-B8C0-A144B95F4BD7}.Release|x86.Build.0 = Release|Win32
		{610CE96A-BC12-41D0-89F8-2A4B7B2F9EF7}.Debug|ARM.ActiveCfg = Debug|Win32
		{610CE96A-BC12-41D0-89F8-2A4B7B2F9EF7}.Debug|x64.ActiveCfg = Debug|x64
		{610CE96A-BC12-41D0-89F8-2A4B7B2F9EF7}.Debug|x64.Build.0 = Debug|x64
		{610CE96A-BC12-41D0-89F8-2A4B7B2F9EF7}.Debug|x86.ActiveCfg = Debug|Win32
		{610CE96A-BC12-41D0-89F8-2A4B7B2F9EF7}.Debug|x86.Build.0 = Debug|Win32
		{610CE96A-BC12-41D0-89F8-2A4B7B2F9EF7}.Release|ARM.ActiveCfg = Release|Win32
		{610CE96A-BC12-41D0-89F8-2A4B7B2F9EF7}.Release|x64.ActiveCfg = Release|x64
		{610CE96A-BC12-41D0-89F8-2A4B7B2F9EF7}.Release|x64.Build.0 = Release|x64
		{610CE96A-BC12-41D0-89F8-2A4B7B2F9EF7}.Release|x86.ActiveCfg = Release|Win32
		{610CE96A-BC12-41D0-89F8-2A4B7B2F9EF7}.Release|x86.Build.0 = Release|Win32
		{B6E80F54-EE2D-42D8-A308-D0C3B59F381B}.Debug|ARM.ActiveCfg = Debug|Win32
		{B6E80F54-EE2D-42D8-A308-D0C3B59F381B}.Debug|x64.ActiveCfg = Debug|x64
		{B6E80F54-EE2D-42D8-A308-D0C3B59F381B}.Debug|x64.Build.0 = Debug|x64
		{B6E80F54-EE2D-42D8-A308-D0C3B59F381B}.Debug|x86.ActiveCfg = Debug|Win32
		{B6E80F54-EE2D-42D8-A308-D0C3B59F381B}.Debug|x86.Build.0 = Debug|Win32
		{B6E80F54-EE2D-42D8-A308-D0C3B59F381B}.Release|ARM.ActiveCfg = Release|Win32
		{B6E80F54-EE2D-42D8-A308-D0C3B59F381B}.Release|x64.ActiveCfg = Release|x64
		{B6E80F54-EE2D-42D8-A308-D0C3B59F381B}.Release|x64.Build.0 = Release|x64
		{B6E80F54-EE2D-42D8-A308-D0C3B59F381B}.Release|x86.ActiveCfg = Release|Win32
		{B6E80F54-EE2D-42D8-A308-D0C3B59F381B}.Release|x86.Build.0 = Release|Win32
		{A2A1CBAF-EC26-453E-BF23-959BCE5B3E29}.Debug|ARM.ActiveCfg = Debug|Win32
		{A2A1CBAF-EC26-453E-BF23-959BCE5B3E29}.Debug|x64.ActiveCfg = Debug|x64
		{A2A1CBAF-EC26-453E-BF23-959BCE5B3E29}.Debug|x64.Build.0 = Debug|x64
		{A2A1CBAF-EC26-453E-BF23-959BCE5B3E29}.Debug|x86.ActiveCfg = Debug|Win32
		{A2A1CBAF-EC26-453E-BF23-959BCE5B3E29}.Debug|x86.Build.0 = Debug|Win32
		{A2A1CBAF-EC26-453E-BF23-959BCE5B3E29}.Release|ARM.ActiveCfg = Release|Win32
		{A2A1CBAF-EC26-453E-BF23-959BCE5B3E29}.Release|x64.ActiveCfg = Release|x64
		{A2A1CBAF-EC26-453E-BF23-959BCE5B3E29}.Release|x64.Build.0 = Release|x64
		{A2A1CBAF-EC26-453E-BF23-959BCE5B3E29}.Release|x86.ActiveCfg = Release|Win32
		{A2A1CBAF-EC26-453E-BF23-959BCE5B3E29}.Release|x86.Build.0 = Release|Win32
		{3110780E-7F63-47CA-A823-17C08405D303}.Debug|ARM.ActiveCfg = Debug|Win32
		{3110780E-7F63-47CA-A823-17C08405D303}.Debug|x64.ActiveCfg = Debug|x64
		{3110780E-7F63-47CA-A823-17C08405D303}.Debug|x64.Build.0 = Debug|x64
		{3110780E-7F63-47CA-A823-17C08405D303}.Debug|x86.ActiveCfg = Debug|Win32
		{3110780E-7F63-47CA-A823-17C08405D303}.Debug|x86.Build.0 = Debug|Win32
		{3110780E-7F63-47CA-A823-17C08405D303}.Release|ARM.ActiveCfg = Release|Win32
		{3110780E-7F63-47CA-A823-17C08405D303}.Release|x64.ActiveCfg = Release|x64
		{3110780E-7F63-47CA-A823-17C08405D303}.Release|x64.Build.0 = Release|x64
		{3110780E-7F63-47CA-A823-17C08405D303}.Release|x86.ActiveCfg = Release|Win32
		{3110780E-7F63-47CA-A823-17C08405D303}.Release|x86.Build.0 = Release|Win32
		{D6612201-B1BA-428A-AF39-284D95753747}.Debug|ARM.ActiveCfg = Debug|Win32
		{D6612201-B1BA-428A-AF39-284D95753747}.Debug|x64.ActiveCfg = Debug|x64
		{D6612201-B1BA-428A-AF39-284D95753747}.Debug|x64.Build.0 = Debug|x64
		{D6612201-B1BA-428A-AF39-284D95753747}.Debug|x86.ActiveCfg = Debug|Win32
		{D6612201-B1BA-428A-AF39-284D95753747}.Debug|x86.Build.0 = Debug|Win32
		{D6612201-B1BA-428A-AF39-284D95753747}.Release|ARM.ActiveCfg = Release|Win32
		{D6612201-B1BA-428A-AF39-284D95753747}.Release|x64.ActiveCfg = Release|x64
		{D6612201-B1BA-428A-AF39-284D95753747}.Release|x64.Build.0 = Release|x64
		{D6612201-B1BA-428A-AF39-284D95753747}.Release|x86.ActiveCfg = Release|Win32
		{D6612201-B1BA-428A-AF39-284D95753747}.Release|x86.Build.0 = Release|Win32
		{4EAA998E-2384-4EC0-B72C-BFA9605C98F7}.Debug|ARM.ActiveCfg = Debug|Win32
		{4EAA998E-2384-4EC0-B72C-BFA9605C98F7}.Debug|x64.ActiveCfg = Debug|x64
		{4EAA998E-2384-4EC0-B72C-BFA9605C98F7}.Debug|x64.Build.0 = Debug|x64
		{4EAA998E-2384-4EC0-B72C-BFA9605C98F7}.Debug|x86.ActiveCfg = Debug|Win32
		{4EAA998E-2384-4EC0-B72C-BFA9605C98F7}.Debug|x86.Build.0 = Debug|Win32
		{4EAA998E-2384-4EC0-B72C-BFA9605C98F7}.Release|ARM.ActiveCfg = Release|Win32
		{4EAA998E-2384-4EC0-B72C-BFA9605C98F7}.Release|x64.ActiveCfg = Release|x64
		{4EAA998E-2384-4EC0-B72C-BFA9605C98F7}.Release|x64.Build.0 = Release|x64
		{4EAA998E-2384-4EC0-B72C-BFA9605C98F7}.Release|x86.ActiveCfg = Release|Win32
		{4EAA998E-2384-4EC0-B72C-BFA9605C98F7}.Release|x86.Build.0 = Release|Win32
		{2D5EDD0F-8134-4D09-B8C4-02052F0F2F7B}.Debug|ARM.ActiveCfg = Debug|Win32
		{2D5EDD0F-8134-4D09-B8C4-02052F0F2F7B}.Debug|x64.ActiveCfg = Debug|x64
		{2D5EDD0F-8134-4D09-B8C4-02052F0F2F7B}.Debug|x64.Build.0 = Debug|x64
		{2D5EDD0F-8134-4D09-B8C4-02052F0F2F7B}.Debug|x86.ActiveCfg = Debug|Win32
		{2D5EDD0F-8134-4D09-B8C4-02052F0F2F7B}.Debug|x86.Build.0 = Debug|Win32
		{2D5EDD0F-8134-4D09-B8C4-02052F0F2F7B}.Release|ARM.ActiveCfg = Release|Win32
		{2D5EDD0F-8134-4D09-B8C4-02052F0F2F7B}.Release|x64.ActiveCfg = Release|x64
		{2D5EDD0F-8134-4D09-B8C4-02052F0F2F7B}.Release|x64.Build.0 = Release|x64
		{2D5EDD0F-8134-4D09-B8C4-02052F0F2F7B}.Release|x86.ActiveCfg = Release|Win32
		{2D5EDD0F-8134-4D09-B8C4-02052F0F2F7B}.Release|x86.Build.0 = Release|Win32
		{BAEC8321-4D92-4CA8-A3D2-FEB8254655D3}.Debug|ARM.ActiveCfg = Debug|Win32
		{BAEC8321-4D92-4CA8-A3D2-FEB8254655D3}.Debug|x64.ActiveCfg = Debug|x64
		{BAEC8321-4D92-4CA8-A3D2-FEB8254655D3}.Debug|x64.Build.0 = Debug|x64
		{BAEC8321-4D92-4CA8-A3D2-FEB8254655D3}.Debug|x86.ActiveCfg = Debug|Win32
		{BAEC8321-4D92-4CA8-A3D2-FEB8254655D3}.Debug|x86.Build.0 = Debug|Win32
		{BAEC8321-4D92-4CA8-A3D2-FEB8254655D3}.Release|ARM.ActiveCfg = Release|Win32
		{BAEC8321-4D92-4CA8-A3D2-FEB8254655D3}.Release|x64.ActiveCfg = Release|x64
		{BAEC8321-4D92-4CA8-A3D2-FEB8254655D3}.Release|x64.Build.0 = Release|x64
		{BAEC8321-4D92-4CA8-A3D2-FEB8254655D3}.Release|x86.ActiveCfg = Release|Win32
		{BAEC8321-4D92-4CA8-A3D2-FEB8254655D3}.Release|x86.Build.0 = Release|Win32
		{1154D183-6999-4C10-84A4-A20FFA8E8E96}.Debug|ARM.ActiveCfg = Debug|Win32
		{1154D183-6999-4C10-84A4-A20FFA8E8E96}.Debug|x64.ActiveCfg = Debug|x64
		{1154D183-6999-4C10-84A4-A20FFA8E8E96}.Debug|x64.Build.0 = Debug|x64
		{1154D183-6999-4C10-84A4-A20FFA8E8E96}.Debug|x86.ActiveCfg = Debug|Win32
		{1154D183-6999-4C10-84A4-A20FFA8E8E96}.Debug|x86.Build.0 = Debug|Win32
		{1154D183-6999-4C10-84A4-A20FFA8E8E96}.Release|ARM.ActiveCfg = Release|Win32
		{1154D183-6999-4C10-84A4-A20FFA8E8E96}.Release|x64.ActiveCfg = Release|x64
		{1154D183-6999-4C10-84A4-A20FFA8E8E96}.Release|x64.Build.0 = Release|x64
		{1154D183-6999-4C10-84A4-A20FFA8E8E96}.Release|x86.ActiveCfg = Release|Win32
		{1154D183-6999-4C10-84A4-A20FFA8E8E96}.Release|x86.Build.0 = Release|Win32
		{150500A2-0254-47E8-9771-1C035DC65EF0}.Debug|ARM.ActiveCfg = Debug|Win32
		{150500A2-0254-47E8-9771-1C035DC65EF0}.Debug|x64.ActiveCfg = Debug|x64
		{150500A2-0254-47E8-9771-1C035DC65EF0}.Debug|x64.Build.0 = Debug|x64
		{150500A2-0254-47E8-9771-1C035DC65EF0}.Debug|x86.ActiveCfg = Debug|Win32
		{150500A2-0254-47E8-9771-1C035DC65EF0}.Debug|x86.Build.0 = Debug|Win32
		{150500A2-0254-47E8-9771-1C035DC65EF0}.Release|ARM.ActiveCfg = Release|Win32
		{150500A2-0254-47E8-9771-1C035DC65EF0}.Release|x64.ActiveCfg = Release|x64
		{150500A2-0254-47E8-9771-1C035DC65EF0}.Release|x64.Build.0 = Release|x64
		{150500A2-0254-47E8-9771-1C035DC65EF0}.Release|x86.ActiveCfg = Release|Win32
		{150500A2-0254-47E8-9771-1C035DC65EF0}.Release|x86.Build.0 = Release|Win32
		{9BDAAB8A-37E3-491A-8711-5285B826410A}.Debug|ARM.ActiveCfg = Debug|Win32
		{9BDAAB8A-37E3-491A-8711-5285B826410A}.Debug|x64.ActiveCfg = Debug|x64
		{9BDAAB8A-37E3-491A-8711-5285B826410A}.Debug|x64.Build.0 = Debug|x64
		{9BDAAB8A-37E3-491A-8711-5285B826410A}.Debug|x86.ActiveCfg = Debug|Win32
		{9BDAAB8A-37E3-491A-8711-5285B826410A}.Debug|x86.Build.0 = Debug|Win32
		{9BDAAB8A-37E3-491A-8711-5285B826410A}.Release|ARM.ActiveCfg = Release|Win32
		{9BDAAB8A-37E3-491A-8711-5285B826410A}.Release|x64.ActiveCfg = Release|x64
		{9BDAAB8A-37E3-491A-8711-5285B826410A}.Release|x64.Build.0 = Release|x64
		{9BDAAB8A-37E3-491A-8711-5285B826410A}.Release|x86.ActiveCfg = Release|Win32
		{9BDAAB8A-37E3-491A-8711-5285B826410A}.Release|x86.Build.0 = Release|Win32
		{D6DD04EC-B39B-4721-BBD3-81ECECBB978C}.Debug|ARM.ActiveCfg = Debug|Win32
		{D6DD04EC-B39B-4721-BBD3-81ECECBB978C}.Debug|x64.ActiveCfg = Debug|x64
		{D6DD04EC-B39B-4721-BBD3-81ECECBB978C}.Debug|x64.Build.0 = Debug|x64
		{D6DD04EC-B39B-4721-BBD3-81ECECBB978C}.Debug|x86.ActiveCfg = Debug|Win32
		{D6DD04EC-B39B-4721-BBD3-81ECECBB978C}.Debug|x86.Build.0 = Debug|Win32
		{D6DD04EC-B39B-4721-BBD3-81ECECBB978C}.Release|ARM.ActiveCfg = Release|Win32
		{D6DD04EC-B39B-4721-BBD3-81ECECBB978C}.Release|x64.ActiveCfg = Release|x64
		{D6DD04EC-B39B-4721-BBD3-81ECECBB978C}.Release|x64.Build.0 = Release|x64
		{D6DD04EC-B39B-4721-BBD3-81ECECBB978C}.Release|x86.ActiveCfg = Release|Win32
		{D6DD04EC-B39B-4721-BBD3-81ECECBB978C}.Release|x86.Build.0 = Release|Win32
		{C8CE7384-C3A7-4A4B-A3AB-995D80A5A71A}.Debug|ARM.ActiveCfg = Debug|Win32
		{C8CE7384-C3A7-4A4B-A3AB-995D80A5A71A}.Debug|x64.ActiveCfg = Debug|x64
		{C8CE7384-C3A7-4A4B-A3AB-995D80A5A71A}.Debug|x64.Build.0 = Debug|x64
		{C8CE7384-C3A7-4A4B-A3AB-995D80A5A71A}.Debug|x86.ActiveCfg = Debug|Win32
		{C8CE7384-C3A7-4A4B-A3AB-995D80A5A71A}.Debug|x86.Build.0 = Debug|Win32
		{C8CE7384-C3A7-4A4B-A3AB-995D80A5A71A}.Release|ARM.ActiveCfg = Release|Win32
		{C8CE7384-C3A7-4A4B-A3AB-995D80A5A71A}.Release|x64.ActiveCfg = Release|x64
		{C8CE7384-C3A7-4A4B-A3AB-995D80A5A71A}.Release|x64.Build.0 = Release|x64
		{C8CE7384-C3A7-4A4B-A3AB-995D80A5A71A}.Release|x86.ActiveCfg = Release|Win32
		{C8CE7384-C3A7-4A4B-A3AB-995D80A5A71A}.Release|x86.Build.0 = Release|Win32
		{B73E0AEB-FDD2-4EDE-9AEF-B2E9A5211B7D}.Debug|ARM.ActiveCfg = Debug|Win32
		{B73E0AEB-FDD2-4EDE-9AEF-B2E9A5211B7D}.Debug|x64.ActiveCfg = Debug|x64
		{B73E0AEB-FDD2-4EDE-9AEF-B2E9A5211B7D}.Debug|x64.Build.0 = Debug|x64
		{B73E0AEB-FDD2-4EDE-9AEF-B2E9A5211B7D}.Debug|x86.ActiveCfg = Debug|Win32
		{B73E0AEB-FDD2-4EDE-9AEF-B2E9A5211B7D}.Debug|x86.Build.0 = Debug|Win32
		{B73E0AEB-FDD2-4EDE-9AEF-B2E9A5211B7D}.Release|ARM.ActiveCfg = Release|Win32
		{B73E0AEB-FDD2-4EDE-9AEF-B2E9A5211B7D}.Release|x64.ActiveCfg = Release|x64
		{B73E0AEB-FDD2-4EDE-9AEF-B2E9A5211B7D}.Release|x64.Build.0 = Release|x64
		{B73E0AEB-FDD2-4EDE-9AEF-B2E9A5211B7D}.Release|x86.ActiveCfg = Release|Win32
		{B73E0AEB-FDD2-4EDE-9AEF-B2E9A5211B7D}.Release|x86.Build.0 = Release|Win32
		{CBFCE499-09FC-460C-9956-CDC50F89F965}.Debug|ARM.ActiveCfg = Debug|Win32
		{CBFCE499-09FC-460C-9956-CDC50F89F965}.Debug|x64.ActiveCfg = Debug|x64
		{CBFCE499-09FC-460C-9956-CDC50F89F965}.Debug|x64.Build.0 = Debug|x64
		{CBFCE499-09FC-460C-9956-CDC50F89F965}.Debug|x86.ActiveCfg = Debug|Win32
		{CBFCE499-09FC-460C-9956-CDC50F89F965}.Debug|x86.Build.0 = Debug|Win32
		{CBFCE499-09FC-460C-9956-CDC50F89F965}.Release|ARM.ActiveCfg = Release|Win32
		{CBFCE499-09FC-460C-9956-CDC50F89F965}.Release|x64.ActiveCfg = Release|x64
		{CBFCE499-09FC-460C-9956-CDC50F89F965}.Release|x64.Build.0 = Release|x64
		{CBFCE499-09FC-460C-9956-CDC50F89F965}.Release|x86.ActiveCfg = Release|Win32
		{CBFCE499-09FC-460C-9956-CDC50F89F965}.Release|x86.Build.0 = Release|Win32
		{6FED781C-72F3-4C76-AA06-37CC22EB3A9C}.Debug|ARM.ActiveCfg = Debug|Win32
		{6FED781C-72F3-4C76-AA06-37CC22EB3A9C}.Debug|x64.ActiveCfg = Debug|x64
		{6FED781C-72F3-4C76-AA06-37CC22EB3A9C}.Debug|x64.Build.0 = Debug|x64
		{6FED781C-72F3-4C76-AA06-37CC22EB3A9C}.Debug|x86.ActiveCfg = Debug|Win32
		{6FED781C-72F3-4C76-AA06-37CC22EB3A9C}.Debug|x86.Build.0 = Debug|Win32
		{6FED781C-72F3-4C76-AA06-37CC22EB3A9C}.Release|ARM.ActiveCfg = Release|Win32
		{6FED781C-72F3-4C76-AA06-37CC22EB3A9C}.Release|x64.ActiveCfg = Release|x64
		{6FED781C-72F3-4C76-AA06-37CC22EB3A9C}.Release|x64.Build.0 = Release|x64
		{6FED781C-72F3-4C76-AA06-37CC22EB3A9C}.Release|x86.ActiveCfg = Release|Win32
		{6FED781C-72F3-4C76-AA06-37CC22EB3A9C}.Release|x86.Build.0 = Release|Win32
		{F3C57AA6-6961-4B43-A9A1-0DA4AD0E1AA3}.Debug|ARM.ActiveCfg = Debug|Win32
		{F3C57AA6-6961-4B43-A9A1-0DA4AD0E1AA3}.Debug|x64.ActiveCfg = Debug|x64
		{F3C57AA6-6961-4B43-A9A1-0DA4AD0E1AA3}.Debug|x64.Build.0 = Debug|x64
		{F3C57AA6-6961-4B43-A9A1-0DA4AD0E1AA3}.Debug|x86.ActiveCfg = Debug|Win32
		{F3C57AA6-6961-4B43-A9A1-0DA4AD0E1AA3}.Debug|x86.Build.0 = Debug|Win32
		{F3C57AA6-6961-4B43-A9A1-0DA4AD0E1AA3}.Release|ARM.ActiveCfg = Release|Win32
		{F3C57AA6-6961-4B43-A9A1-0DA4AD0E1AA3}.Release|x64.ActiveCfg = Release|x64
		{F3C57AA6-6961-4B43-A9A1-0DA4AD0E1AA3}.Release|x64.Build.0 = Release|x64
		{F3C57AA6-6961-4B43-A9A1-0DA4AD0E1AA3}.Release|x86.ActiveCfg = Release|Win32
		{F3C57AA6-6961-4B43-A9A1-0DA4AD0E1AA3}.Release|x86.Build.0 = Release|Win32
		{EEB73CB3-2AE5-4C71-881E-CF98C9042522}.Debug|ARM.ActiveCfg = Debug|Win32
		{EEB73CB3-2AE5-4C71-881E-CF98C9042522}.Debug|x64.ActiveCfg = Debug|x64
		{EEB73CB3-2AE5-4C71-881E-CF98C9042522}.Debug|x64.Build.0 = Debug|x64
		{EEB73CB3-2AE5-4C71-881E-CF98C9042522}.Debug|x86.ActiveCfg = Debug|Win32
		{EEB73CB3-2AE5-4C71-881E-CF98C9042522}.Debug|x86.Build.0 = Debug|Win32
		{EEB73CB3-2AE5-4C71-881E-CF98C9042522}.Release|ARM.ActiveCfg = Release|Win32
		{EEB73CB3-2AE5-4C71-881E-CF98C9042522}.Release|x64.ActiveCfg = Release|x64
		{EEB73CB3-2AE5-4C71-881E-CF98C9042522}.Release|x64.Build.0 = Release|x64
		{EEB73CB3-2AE5-4C71-881E-CF98C9042522}.Release|x86.ActiveCfg = Release|Win32
		{EEB73CB3-2AE5-4C71-881E-CF98C9042522}.Release|x86.Build.0 = Release|Win32
		{3EF06FFE-5BEC-4999-846D-F8A5537ADE7D}.Debug|ARM.ActiveCfg = Debug|Win32
		{3EF06FFE-5BEC-4999-846D-F8A5537ADE7D}.Debug|x64.ActiveCfg = Debug|x64
		{3EF06FFE-5BEC-4999-846D-F8A5537ADE7D}.Debug|x64.Build.0 = Debug|x64
		{3EF06FFE-5BEC-4999-846D-F8A5537ADE7D}.Debug|x86.ActiveCfg = Debug|Win32
		{3EF06FFE-5BEC-4999-846D-F8A5537ADE7D}.Debug|x86.Build.0 = Debug|Win32
		{3EF06FFE-5BEC-4999-846D-F8A5537ADE7D}.Release|ARM.ActiveCfg = Release|Win32
		{3EF06FFE-5BEC-4999-846D-F8A5537ADE7D}.Release|x64.ActiveCfg = Release|x64
		{3EF06FFE-5BEC-4999-846D-F8A5537ADE7D}.Release|x64.Build.0 = Release|x64
		{3EF06FFE-5BEC-4999-846D-F8A5537ADE7D}.Release|x86.ActiveCfg = Release|Win32
		{3EF06FFE-5BEC-4999-846D-F8A5537ADE7D}.Release|x86.Build.0 = Release|Win32
		{22B4D399-FA77-4606-9D1A-2D59831D3B72}.Debug|ARM.ActiveCfg = Debug|Win32
		{22B4D399-FA77-4606-9D1A-2D59831D3B72}.Debug|x64.ActiveCfg = Debug|x64
		{22B4D399-FA77-4606-9D1A-2D59831D3B72}.Debug|x64.Build.0 = Debug|x64
		{22B4D399-FA77-4606-9D1A-2D59831D3B72}.Debug|x86.ActiveCfg = Debug|Win32
		{22B4D399-FA77-4606-9D1A-2D59831D3B72}.Debug|x86.Build.0 = Debug|Win32
		{22B4D399-FA77-4606-9D1A-2D59831D3B72}.Release|ARM.ActiveCfg = Release|Win32
		{22B4D399-FA77-4606-9D1A-2D59831D3B72}.Release|x64.ActiveCfg = Release|x64
		{22B4D399-FA77-4606-9D1A-2D59831D3B72}.Release|x64.Build.0 = Release|x64
		{22B4D399-FA77-4606-9D1A-2D59831D3B72}.Release|x86.ActiveCfg = Release|Win32
		{22B4D399-FA77-4606-9D1A-2D59831D3B72}.Release|x86.Build.0 = Release|Win32
		{22B1096C-52FE-425A-BDCA-F882BB2B7615}.Debug|ARM.ActiveCfg = Debug|Win32
		{22B1096C-52FE-425A-BDCA-F882BB2B7615}.Debug|x64.ActiveCfg = Debug|x64
		{22B1096C-52FE-425A-BDCA-F882BB2B7615}.Debug|x64.Build.0 = Debug|x64
		{22B1096C-52FE-425A-BDCA-F882BB2B7615}.Debug|x86.ActiveCfg = Debug|Win32
		{22B1096C-52FE-425A-BDCA-F882BB2B7615}.Debug|x86.Build.0 = Debug|Win32
		{22B1096C-52FE-425A-BDCA-F882BB2B7615}.Release|ARM.ActiveCfg = Release|Win32
		{22B1096C-52FE-425A-BDCA-F882BB2B7615}.Release|x64.ActiveCfg = Release|x64
		{22B1096C-52FE-425A-BDCA-F882BB2B7615}.Release|x64.Build.0 = Release|x64
		{22B1096C-52FE-425A-BDCA-F882BB2B7615}.Release|x86.ActiveCfg = Release|Win32
		{22B1096C-52FE-425A-BDCA-F882BB2B7615}.Release|x86.Build.0 = Release|Win32
		{BEDAD1B0-01D4-46E6-B2F4-4D730F156955}.Debug|ARM.ActiveCfg = Debug|Win32
		{BEDAD1B0-01D4-46E6-B2F4-4D730F156955}.Debug|x64.ActiveCfg = Debug|x64
		{BEDAD1B0-01D4-46E6-B2F4-4D730F156955}.Debug|x64.Build.0 = Debug|x64
		{BEDAD1B0-01D4-46E6-B2F4-4D730F156955}.Debug|x86.ActiveCfg = Debug|Win32
		{BEDAD1B0-01D4-46E6-B2F4-4D730F156955}.Debug|x86.Build.0 = Debug|Win32
		{BEDAD1B0-01D4-46E6-B2F4-4D730F156955}.Release|ARM.ActiveCfg = Release|Win32
		{BEDAD1B0-01D4-46E6-B2F4-4D730F156955}.Release|x64.ActiveCfg = Release|x64
		{BEDAD1B0-01D4-46E6-B2F4-4D730F156955}.Release|x64.Build.0 = Release|x64
		{BEDAD1B0-01D4-46E6-B2F4-4D730F156955}.Release|x86.ActiveCfg = Release|Win32
		{BEDAD1B0-01D4-46E6-B2F4-4D730F156955}.Release|x86.Build.0 = Release|Win32
	EndGlobalSection
	GlobalSection(SolutionProperties) = preSolution
		HideSolutionNode = FALSE
	EndGlobalSection
EndGlobal
