<?xml version="1.0" encoding="UTF-8" standalone="yes" ?>
<CodeBlocks_project_file>
	<FileVersion major="1" minor="6" />
	<Project>
		<Option title="starter" />
		<Option platforms="Unix;" />
		<Option pch_mode="2" />
		<Option compiler="gcc" />
		<Build>
			<Target title="Debug x64">
				<Option output="starter" prefix_auto="1" extension_auto="1" />
				<Option external_deps="../lib/libu11150.so../lib/libu116.so../lib/libu100.so../lib/libu900.so../lib/libu11636.so../lib/libu11136.so../lib/libu10226.so../lib/libu558.so../lib/libu957.so../lib/libu714.so../lib/libu11462.so../lib/libu628.so../lib/libu679.so../lib/libu478.so../lib/libu401.so../lib/libu11185.so../lib/libu305.so../lib/libu454.so../lib/libu482.so../lib/libu10220.so../lib/libu11308.so../lib/libu594.so../lib/libu200.so../lib/libu127.so../lib/libu673.so../lib/libu10194.so../lib/libu10062.so../lib/libu908.so../lib/libu10219.so../lib/libu10258.so../lib/libu167.so../lib/libu11495.so../lib/libu10305.so../lib/libu400.so../lib/libu156.so../lib/libu11340.so../lib/libu727.so../lib/libu10301.so../lib/libu10810.so../lib/libu10931.so../lib/libu11854.so../lib/libu11388.so../lib/libu11461.so../lib/libu544.so../lib/libu10013.so../lib/libu11239.so../lib/libu412.so../lib/libu146.so;" />
				<Option type="1" />
				<Option compiler="gcc" />
				<Option use_console_runner="0" />
				<Compiler>
					<Add option="-Weffc++" />
					<Add option="-std=c++14" />
					<Add option="-Wextra" />
					<Add option="-Wall" />
					<Add option="-g" />
					<Add option="-D_DEBUG" />
					<Add option="-D_CONSOLE" />
					<Add directory="../headers" />
				</Compiler>
			</Target>
			<Target title="Release x64">
				<Option output="shared" prefix_auto="1" extension_auto="1" />
				<Option external_deps=";;;;;;;;;;;;;;;;;;;;;;;;;;;;;;;;;;;;;;;;;;;;;;;;" />
				<Option type="0" />
				<Option compiler="gcc" />
				<Compiler>
					<Add option="-DNDEBUG" />
					<Add option="-D_CONSOLE" />
				</Compiler>
			</Target>
		</Build>
		<Linker>
			<Add library="libu11150.so" />
			<Add library="libu116.so" />
			<Add library="libu100.so" />
			<Add library="libu900.so" />
			<Add library="libu11636.so" />
			<Add library="libu11136.so" />
			<Add library="libu10226.so" />
			<Add library="libu558.so" />
			<Add library="libu957.so" />
			<Add library="libu714.so" />
			<Add library="libu11462.so" />
			<Add library="libu628.so" />
			<Add library="libu679.so" />
			<Add library="libu478.so" />
			<Add library="libu401.so" />
			<Add library="libu11185.so" />
			<Add library="libu305.so" />
			<Add library="libu454.so" />
			<Add library="libu482.so" />
			<Add library="libu10220.so" />
			<Add library="libu11308.so" />
			<Add library="libu594.so" />
			<Add library="libu200.so" />
			<Add library="libu127.so" />
			<Add library="libu673.so" />
			<Add library="libu10194.so" />
			<Add library="libu10062.so" />
			<Add library="libu908.so" />
			<Add library="libu10219.so" />
			<Add library="libu10258.so" />
			<Add library="libu167.so" />
			<Add library="libu11495.so" />
			<Add library="libu10305.so" />
			<Add library="libu400.so" />
			<Add library="libu156.so" />
			<Add library="libu11340.so" />
			<Add library="libu727.so" />
			<Add library="libu10301.so" />
			<Add library="libu10810.so" />
			<Add library="libu10931.so" />
			<Add library="libu11854.so" />
			<Add library="libu11388.so" />
			<Add library="libu11461.so" />
			<Add library="libu544.so" />
			<Add library="libu10013.so" />
			<Add library="libu11239.so" />
			<Add library="libu412.so" />
			<Add library="libu146.so" />
			<Add directory="../lib/" />
		</Linker>
		<Unit filename="../headers/gcd.h" />
		<Unit filename="../headers/sort.h" />
		<Unit filename="../headers/u100.h" />
		<Unit filename="../headers/u10013.h" />
		<Unit filename="../headers/u10062.h" />
		<Unit filename="../headers/u10066.h" />
		<Unit filename="../headers/u10194.h" />
		<Unit filename="../headers/u10219.h" />
		<Unit filename="../headers/u10220.h" />
		<Unit filename="../headers/u10226.h" />
		<Unit filename="../headers/u10258.h" />
		<Unit filename="../headers/u10301.h" />
		<Unit filename="../headers/u10305.h" />
		<Unit filename="../headers/u10810.h" />
		<Unit filename="../headers/u10931.h" />
		<Unit filename="../headers/u11136.h" />
		<Unit filename="../headers/u11150.h" />
		<Unit filename="../headers/u11185.h" />
		<Unit filename="../headers/u11239.h" />
		<Unit filename="../headers/u11308.h" />
		<Unit filename="../headers/u11340.h" />
		<Unit filename="../headers/u11388.h" />
		<Unit filename="../headers/u11461.h" />
		<Unit filename="../headers/u11462.h" />
		<Unit filename="../headers/u11495.h" />
		<Unit filename="../headers/u116.h" />
		<Unit filename="../headers/u11636.h" />
		<Unit filename="../headers/u11854.h" />
		<Unit filename="../headers/u127.h" />
		<Unit filename="../headers/u146.h" />
		<Unit filename="../headers/u156.h" />
		<Unit filename="../headers/u167.h" />
		<Unit filename="../headers/u200.h" />
		<Unit filename="../headers/u305.h" />
		<Unit filename="../headers/u400.h" />
		<Unit filename="../headers/u401.h" />
		<Unit filename="../headers/u408.h" />
		<Unit filename="../headers/u412.h" />
		<Unit filename="../headers/u454.h" />
		<Unit filename="../headers/u478.h" />
		<Unit filename="../headers/u482.h" />
		<Unit filename="../headers/u544.h" />
		<Unit filename="../headers/u558.h" />
		<Unit filename="../headers/u594.h" />
		<Unit filename="../headers/u628.h" />
		<Unit filename="../headers/u673.h" />
		<Unit filename="../headers/u679.h" />
		<Unit filename="../headers/u714.h" />
		<Unit filename="../headers/u727.h" />
		<Unit filename="../headers/u900.h" />
		<Unit filename="../headers/u908.h" />
		<Unit filename="../headers/u957.h" />
		<Unit filename="evaluator.cpp" />
		<Unit filename="evaluator.h" />
		<Unit filename="uvas.h" />
		<Extensions>
			<code_completion />
			<debugger />
		</Extensions>
	</Project>
</CodeBlocks_project_file>
