<?xml version="1.0" encoding="utf-8"?>
<Project ToolsVersion="4.0" xmlns="http://schemas.microsoft.com/developer/msbuild/2003">
  <ItemGroup>
    <ClCompile Include="evaluator.cpp" />
  </ItemGroup>
  <ItemGroup>
    <ClInclude Include="evaluator.h" />
    <ClInclude Include="uvas.h" />
  </ItemGroup>
  <ItemGroup>
    <Text Include="..\u100\u100.txt">
      <Filter>Data FIles</Filter>
    </Text>
    <Text Include="..\u10013\u10013.txt">
      <Filter>Data FIles</Filter>
    </Text>
    <Text Include="..\u10062\u10062.txt">
      <Filter>Data FIles</Filter>
    </Text>
    <Text Include="..\u10066\u10066.txt">
      <Filter>Data FIles</Filter>
    </Text>
    <Text Include="..\u10194\u10194.txt">
      <Filter>Data FIles</Filter>
    </Text>
    <Text Include="..\u10219\u10219.txt">
      <Filter>Data FIles</Filter>
    </Text>
    <Text Include="..\u10220\u10220.txt">
      <Filter>Data FIles</Filter>
    </Text>
    <Text Include="..\u10226\u10226.txt">
      <Filter>Data FIles</Filter>
    </Text>
    <Text Include="..\u10258\u10258.txt">
      <Filter>Data FIles</Filter>
    </Text>
    <Text Include="..\u10301\u10301.txt">
      <Filter>Data FIles</Filter>
    </Text>
    <Text Include="..\u10305\u10305.txt">
      <Filter>Data FIles</Filter>
    </Text>
    <Text Include="..\u10305\u10305_2.txt">
      <Filter>Data FIles</Filter>
    </Text>
    <Text Include="..\u10810\u10810.txt">
      <Filter>Data FIles</Filter>
    </Text>
    <Text Include="..\u10931\u10931.txt">
      <Filter>Data FIles</Filter>
    </Text>
    <Text Include="..\u11136\u11136.txt">
      <Filter>Data FIles</Filter>
    </Text>
    <Text Include="..\u11150\u11150.txt">
      <Filter>Data FIles</Filter>
    </Text>
    <Text Include="..\u11185\u11185.txt">
      <Filter>Data FIles</Filter>
    </Text>
    <Text Include="..\u11239\u11239.txt">
      <Filter>Data FIles</Filter>
    </Text>
    <Text Include="..\u11308\u11308.txt">
      <Filter>Data FIles</Filter>
    </Text>
    <Text Include="..\u11340\u11340.txt">
      <Filter>Data FIles</Filter>
    </Text>
    <Text Include="..\u11340_2\u11340_2.txt">
      <Filter>Data FIles</Filter>
    </Text>
    <Text Include="..\u11340_3\u11340_3.txt">
      <Filter>Data FIles</Filter>
    </Text>
    <Text Include="..\u11388\u11388.txt">
      <Filter>Data FIles</Filter>
    </Text>
    <Text Include="..\u11461\u11461.txt">
      <Filter>Data FIles</Filter>
    </Text>
    <Text Include="..\u11462\u11462.txt">
      <Filter>Data FIles</Filter>
    </Text>
    <Text Include="..\u11495\u11495.txt">
      <Filter>Data FIles</Filter>
    </Text>
    <Text Include="..\u11636\u11636.txt">
      <Filter>Data FIles</Filter>
    </Text>
    <Text Include="..\u11854\u11854.txt">
      <Filter>Data FIles</Filter>
    </Text>
    <Text Include="..\u127\u127.txt">
      <Filter>Data FIles</Filter>
    </Text>
    <Text Include="..\u146\u146.txt">
      <Filter>Data FIles</Filter>
    </Text>
    <Text Include="..\u156\u156.txt">
      <Filter>Data FIles</Filter>
    </Text>
    <Text Include="..\u167\u167.txt">
      <Filter>Data FIles</Filter>
    </Text>
    <Text Include="..\u200\u200.txt">
      <Filter>Data FIles</Filter>
    </Text>
    <Text Include="..\u200\u200_2.txt">
      <Filter>Data FIles</Filter>
    </Text>
    <Text Include="..\u305\u305.txt">
      <Filter>Data FIles</Filter>
    </Text>
    <Text Include="..\u400\u400.txt">
      <Filter>Data FIles</Filter>
    </Text>
    <Text Include="..\u401\u401.txt">
      <Filter>Data FIles</Filter>
    </Text>
    <Text Include="..\u412\u412.txt">
      <Filter>Data FIles</Filter>
    </Text>
    <Text Include="..\u454\u454.txt">
      <Filter>Data FIles</Filter>
    </Text>
    <Text Include="..\u476\u476.txt">
      <Filter>Data FIles</Filter>
    </Text>
    <Text Include="..\u477\u477.txt">
      <Filter>Data FIles</Filter>
    </Text>
    <Text Include="..\u478\u478.txt">
      <Filter>Data FIles</Filter>
    </Text>
    <Text Include="..\u482\u482.txt">
      <Filter>Data FIles</Filter>
    </Text>
    <Text Include="..\u544\u544.txt">
      <Filter>Data FIles</Filter>
    </Text>
    <Text Include="..\u544\u544_2.txt">
      <Filter>Data FIles</Filter>
    </Text>
    <Text Include="..\u558\u558.txt">
      <Filter>Data FIles</Filter>
    </Text>
    <Text Include="..\u558\u558_2.txt">
      <Filter>Data FIles</Filter>
    </Text>
    <Text Include="..\u594\u594.txt">
      <Filter>Data FIles</Filter>
    </Text>
    <Text Include="..\u628\u628.txt">
      <Filter>Data FIles</Filter>
    </Text>
    <Text Include="..\u673\u673.txt">
      <Filter>Data FIles</Filter>
    </Text>
    <Text Include="..\u679\u679.txt">
      <Filter>Data FIles</Filter>
    </Text>
    <Text Include="..\u714\u714.txt">
      <Filter>Data FIles</Filter>
    </Text>
    <Text Include="..\u727\u727.txt">
      <Filter>Data FIles</Filter>
    </Text>
    <Text Include="..\u900\u900.txt">
      <Filter>Data FIles</Filter>
    </Text>
    <Text Include="..\u908\u908.txt">
      <Filter>Data FIles</Filter>
    </Text>
    <Text Include="..\u957\u957.txt">
      <Filter>Data FIles</Filter>
    </Text>
  </ItemGroup>
  <ItemGroup>
    <Filter Include="Data FIles">
      <UniqueIdentifier>{d2943b47-1517-4f70-a8b5-983dae894209}</UniqueIdentifier>
      <Extensions>txt</Extensions>
    </Filter>
  </ItemGroup>
</Project>