<?xml version="1.0" encoding="UTF-8" standalone="yes" ?>
<CodeBlocks_project_file>
	<FileVersion major="1" minor="6" />
	<Project>
		<Option title="starter" />
		<Option platforms="Unix;" />
		<Option pch_mode="2" />
		<Option compiler="gcc" />
		<Build>
			<Target title="Debug x64">
				<Option output="starter" prefix_auto="1" extension_auto="1" />
				<Option external_deps="../bin/libu11150.so../bin/libu116.so../bin/libu100.so../bin/libu900.so../bin/libu11636.so../bin/libu11136.so../bin/libu10226.so../bin/libu558.so../bin/libu957.so../bin/libu714.so../bin/libu11462.so../bin/libu628.so../bin/libu679.so../bin/libu478.so../bin/libu401.so../bin/libu11185.so../bin/libu305.so../bin/libu454.so../bin/libu482.so../bin/libu10220.so../bin/libu11308.so../bin/libu594.so../bin/libu200.so../bin/libu127.so../bin/libu673.so../bin/libu10194.so../bin/libu10062.so../bin/libu908.so../bin/libu10219.so../bin/libu10258.so../bin/libu167.so../bin/libu11495.so../bin/libu10305.so../bin/libu400.so../bin/libu156.so../bin/libu11340.so../bin/libu727.so../bin/libu10301.so../bin/libu10810.so../bin/libu10931.so../bin/libu11854.so../bin/libu11388.so../bin/libu11461.so../bin/libu544.so../bin/libu10013.so../bin/libu11239.so../bin/libu412.so../bin/libu146.so;" />
				<Option type="1" />
				<Option compiler="gcc" />
				<Option use_console_runner="0" />
				<Compiler>
					<Add option="-Weffc++" />
					<Add option="-std=c++14" />
					<Add option="-Wextra" />
					<Add option="-Wall" />
					<Add option="-g" />
					<Add option="-D_DEBUG" />
					<Add option="-D_CONSOLE" />
					<Add directory="../headers" />
				</Compiler>
				<Linker>
					<Add library="../bin/libu11150.so" />
					<Add library="../bin/libu116.so" />
					<Add library="../bin/libu100.so" />
					<Add library="../bin/libu900.so" />
					<Add library="../bin/libu11636.so" />
					<Add library="../bin/libu11136.so" />
					<Add library="../bin/libu10226.so" />
					<Add library="../bin/libu558.so" />
					<Add library="../bin/libu957.so" />
					<Add library="../bin/libu714.so" />
					<Add library="../bin/libu11462.so" />
					<Add library="../bin/libu628.so" />
					<Add library="../bin/libu679.so" />
					<Add library="../bin/libu478.so" />
					<Add library="../bin/libu401.so" />
					<Add library="../bin/libu11185.so" />
					<Add library="../bin/libu305.so" />
					<Add library="../bin/libu454.so" />
					<Add library="../bin/libu482.so" />
					<Add library="../bin/libu10220.so" />
					<Add library="../bin/libu11308.so" />
					<Add library="../bin/libu594.so" />
					<Add library="../bin/libu200.so" />
					<Add library="../bin/libu127.so" />
					<Add library="../bin/libu673.so" />
					<Add library="../bin/libu10194.so" />
					<Add library="../bin/libu10062.so" />
					<Add library="../bin/libu908.so" />
					<Add library="../bin/libu10219.so" />
					<Add library="../bin/libu10258.so" />
					<Add library="../bin/libu167.so" />
					<Add library="../bin/libu11495.so" />
					<Add library="../bin/libu10305.so" />
					<Add library="../bin/libu400.so" />
					<Add library="../bin/libu156.so" />
					<Add library="../bin/libu11340.so" />
					<Add library="../bin/libu727.so" />
					<Add library="../bin/libu10301.so" />
					<Add library="../bin/libu10810.so" />
					<Add library="../bin/libu10931.so" />
					<Add library="../bin/libu11854.so" />
					<Add library="../bin/libu11388.so" />
					<Add library="../bin/libu11461.so" />
					<Add library="../bin/libu544.so" />
					<Add library="../bin/libu10013.so" />
					<Add library="../bin/libu11239.so" />
					<Add library="../bin/libu412.so" />
					<Add library="../bin/libu146.so" />
				</Linker>
			</Target>
			<Target title="Release x64">
				<Option output="shared" prefix_auto="1" extension_auto="1" />
				<Option external_deps=";;;;;;;;;;;;;;;;;;;;;;;;;;;;;;;;;;;;;;;;;;;;;;;;" />
				<Option type="0" />
				<Option compiler="gcc" />
				<Compiler>
					<Add option="-DNDEBUG" />
					<Add option="-D_CONSOLE" />
				</Compiler>
			</Target>
		</Build>
		<Unit filename="evaluator.cpp" />
		<Unit filename="evaluator.h" />
		<Unit filename="uvas.h" />
		<Extensions>
			<code_completion />
			<debugger />
		</Extensions>
	</Project>
</CodeBlocks_project_file>
